
Microsoft Visual Studio Solution File, Format Version 12.00
# Visual Studio 15
VisualStudioVersion = 15.0.26430.16
MinimumVisualStudioVersion = 10.0.40219.1
Project("{2150E333-8FDC-42A3-9474-1A3956D46DE8}") = "Core", "Core", "{075C6141-16E3-402D-8389-3B87CADA20B0}"
EndProject
Project("{2150E333-8FDC-42A3-9474-1A3956D46DE8}") = "Common", "Common", "{E1612467-1B09-48C3-80D0-C5E0FE1ABFC4}"
EndProject
Project("{2150E333-8FDC-42A3-9474-1A3956D46DE8}") = "Repository", "Repository", "{CA89EC48-BB76-4297-BFDB-6D0E41E384B3}"
EndProject
Project("{2150E333-8FDC-42A3-9474-1A3956D46DE8}") = "Security", "Security", "{973C9C24-17CF-4EF0-B643-2FB7BDB2F808}"
EndProject
Project("{2150E333-8FDC-42A3-9474-1A3956D46DE8}") = "Service", "Service", "{F5CDB10B-143B-4C8B-A780-7A16E572D13E}"
EndProject
Project("{2150E333-8FDC-42A3-9474-1A3956D46DE8}") = "Projects", "Projects", "{FAACC7C6-FD5C-467C-9E85-CA9EDD38602B}"
EndProject
Project("{2150E333-8FDC-42A3-9474-1A3956D46DE8}") = "WMS", "WMS", "{606C08D6-02D7-4E47-A95B-263F9DF1ED74}"
EndProject
Project("{2150E333-8FDC-42A3-9474-1A3956D46DE8}") = "PQM", "PQM", "{3F4019D6-C7A0-4774-8DFE-1FB9F5530D75}"
EndProject
Project("{FAE04EC0-301F-11D3-BF4B-00C04F79EFBC}") = "PQM.WebApi", "PQM.WebApi\PQM.WebApi.csproj", "{552C55A7-7C80-4532-A346-773FBD13610B}"
EndProject
Project("{FAE04EC0-301F-11D3-BF4B-00C04F79EFBC}") = "WIM.Core.Security.Context", "WIM.Core.Security.Context\WIM.Core.Security.Context.csproj", "{9C29A518-0B8C-4E95-8196-4D9EB887A8D9}"
EndProject
Project("{FAE04EC0-301F-11D3-BF4B-00C04F79EFBC}") = "WIM.Core.Security.Entity", "WIM.Core.Security.Entity\WIM.Core.Security.Entity.csproj", "{449748D1-BC3D-459A-96E1-813F9388E44E}"
EndProject
Project("{2150E333-8FDC-42A3-9474-1A3956D46DE8}") = "Isuzu", "Isuzu", "{73CA273D-84CA-4151-AE0C-3B9E2F3066FB}"
EndProject
Project("{2150E333-8FDC-42A3-9474-1A3956D46DE8}") = "Fuji", "Fuji", "{EDB0A70F-C7B7-48E7-A4FB-EC4F9BB42B4C}"
EndProject
Project("{2150E333-8FDC-42A3-9474-1A3956D46DE8}") = "Service", "Service", "{706FFA72-6BEB-419C-9D45-7F20DD3C8569}"
EndProject
Project("{FAE04EC0-301F-11D3-BF4B-00C04F79EFBC}") = "WIM.Core.Repository", "WIM.Core.Repository\WIM.Core.Repository.csproj", "{EA0CB63C-87C2-470E-9651-3CCD1D8C8BE4}"
EndProject
Project("{FAE04EC0-301F-11D3-BF4B-00C04F79EFBC}") = "WIM.Core.Repository.Impl", "WIM.Core.Repository.Impl\WIM.Core.Repository.Impl.csproj", "{E365F321-091B-4D42-8934-6E919C7FF6B1}"
EndProject
Project("{FAE04EC0-301F-11D3-BF4B-00C04F79EFBC}") = "WIM.Core.Service", "WIM.Core.Service\WIM.Core.Service.csproj", "{7526F7F0-D2AA-442F-B170-1DB30880E0EF}"
EndProject
Project("{FAE04EC0-301F-11D3-BF4B-00C04F79EFBC}") = "WIM.Core.Service.Impl", "WIM.Core.Service.Impl\WIM.Core.Service.Impl.csproj", "{1CD73CE9-A580-479F-B049-288215CD5E04}"
EndProject
Project("{FAE04EC0-301F-11D3-BF4B-00C04F79EFBC}") = "Fuji.Service", "Fuji.Service\Fuji.Service.csproj", "{4FBC9A8B-22EE-474C-A07E-00D5E770F751}"
EndProject
Project("{FAE04EC0-301F-11D3-BF4B-00C04F79EFBC}") = "Fuji.Service.Impl", "Fuji.Service.Impl\Fuji.Service.Impl.csproj", "{E22348A1-E953-478B-9B69-CB3FCB3A45CE}"
EndProject
Project("{2150E333-8FDC-42A3-9474-1A3956D46DE8}") = "Repository", "Repository", "{E6F2F480-C7F9-4BA6-BFB8-5BEC51047E3E}"
EndProject
Project("{FAE04EC0-301F-11D3-BF4B-00C04F79EFBC}") = "Fuji.Repository", "Fuji.Repository\Fuji.Repository.csproj", "{A2112D9C-2217-49A3-8FEE-B749DED27C8E}"
EndProject
Project("{2150E333-8FDC-42A3-9474-1A3956D46DE8}") = "Common", "Common", "{B45DF483-3E3E-4E1B-94FC-70DED1B35981}"
EndProject
Project("{FAE04EC0-301F-11D3-BF4B-00C04F79EFBC}") = "WIM.Core.Common.ValueObject", "WIM.Core.Common.ValueObject\WIM.Core.Common.ValueObject.csproj", "{C8C9F920-5E08-4A3A-AF4F-FE3AA35421C8}"
EndProject
Project("{FAE04EC0-301F-11D3-BF4B-00C04F79EFBC}") = "Fuji.Common.ValueObject", "Fuji.Common.ValueObject\Fuji.Common.ValueObject.csproj", "{A97EA57C-9BBE-4650-8AAD-28FDBCA2677F}"
EndProject
Project("{FAE04EC0-301F-11D3-BF4B-00C04F79EFBC}") = "Fuji.WebApi", "Fuji.WebApi\Fuji.WebApi.csproj", "{171BC7E4-10EB-4E0A-ADC2-8E0998BDB28E}"
EndProject
Project("{FAE04EC0-301F-11D3-BF4B-00C04F79EFBC}") = "WIM.Core.Common", "WIM.Core.Common\WIM.Core.Common.csproj", "{52D8BFB8-8342-4323-BB58-B867D7D01E8A}"
EndProject
Project("{FAE04EC0-301F-11D3-BF4B-00C04F79EFBC}") = "WMS.WebApi", "WMS.WebApi\WMS.WebApi.csproj", "{DA06ED44-6947-44F1-B16E-D6EA2F9CBB68}"
EndProject
Project("{FAE04EC0-301F-11D3-BF4B-00C04F79EFBC}") = "WMS.Master", "WMS.Master\WMS.Master.csproj", "{4B54C7A7-0B9D-40A2-95D3-2C96D052AE0B}"
EndProject
Project("{FAE04EC0-301F-11D3-BF4B-00C04F79EFBC}") = "WMS.Repository", "WMS.Repository\WMS.Repository.csproj", "{404DC46F-7784-48E3-A506-5A5A69BD7EEF}"
EndProject
Project("{2150E333-8FDC-42A3-9474-1A3956D46DE8}") = "Common", "Common", "{35AE9DF3-9EC3-49E4-B9CF-02839CB2F622}"
EndProject
Project("{2150E333-8FDC-42A3-9474-1A3956D46DE8}") = "Repository", "Repository", "{287F7803-8C67-4E68-9DD9-22F0C9C24D1C}"
EndProject
Project("{2150E333-8FDC-42A3-9474-1A3956D46DE8}") = "Service", "Service", "{FCC0F775-7A94-484B-BEF7-A95D43709907}"
EndProject
Project("{FAE04EC0-301F-11D3-BF4B-00C04F79EFBC}") = "WIM.Core.Security", "WIM.Core.Security\WIM.Core.Security.csproj", "{879CE366-C973-4AB8-860B-ABC5C94F2A36}"
EndProject
Project("{FAE04EC0-301F-11D3-BF4B-00C04F79EFBC}") = "WIM.Core.Context", "WIM.Core.Context\WIM.Core.Context.csproj", "{C883F41B-E3BF-4E82-B7B2-55351566C55E}"
EndProject
Project("{FAE04EC0-301F-11D3-BF4B-00C04F79EFBC}") = "WIM.Core.Entity", "WIM.Core.Entity\WIM.Core.Entity.csproj", "{DE781960-445F-417B-8F15-B5FAE25D15C5}"
EndProject
Project("{FAE04EC0-301F-11D3-BF4B-00C04F79EFBC}") = "Fuji.Repository.Impl", "Fuji.Repository.Impl\Fuji.Repository.Impl.csproj", "{76C721E6-B6F0-4132-B36E-9A9B68CBAE0E}"
EndProject
Project("{FAE04EC0-301F-11D3-BF4B-00C04F79EFBC}") = "Fuji.Context", "Fuji.Context\Fuji.Context.csproj", "{9CC22B43-A4A9-44E9-8D84-B5BC04240248}"
EndProject
Project("{FAE04EC0-301F-11D3-BF4B-00C04F79EFBC}") = "Fuji.Entity", "Fuji.Entity\Fuji.Entity.csproj", "{E1E1315E-6D9A-4DD7-AF98-7D82FD12EA4F}"
EndProject
Project("{FAE04EC0-301F-11D3-BF4B-00C04F79EFBC}") = "WMS.Context", "WMS.Context\WMS.Context.csproj", "{A23C70B6-A16E-4E68-8741-498ABC3F3538}"
EndProject
Project("{FAE04EC0-301F-11D3-BF4B-00C04F79EFBC}") = "WMS.Entity", "WMS.Entity\WMS.Entity.csproj", "{A0332865-E8ED-42D4-BD3A-11422E7524A9}"
EndProject
Project("{FAE04EC0-301F-11D3-BF4B-00C04F79EFBC}") = "Isuzu.WebApi", "Isuzu.WebApi\Isuzu.WebApi.csproj", "{5D433237-F4B1-4DF3-B2D7-FEB7371E85B2}"
EndProject
Project("{2150E333-8FDC-42A3-9474-1A3956D46DE8}") = "Common", "Common", "{0289038D-09B9-401A-8102-C1CE39495E04}"
EndProject
Project("{2150E333-8FDC-42A3-9474-1A3956D46DE8}") = "Repository", "Repository", "{74D6D1AD-DA58-4D6E-9441-452D53237C66}"
EndProject
Project("{2150E333-8FDC-42A3-9474-1A3956D46DE8}") = "Service", "Service", "{CFF35D4F-FA1C-4282-A74A-27B0126F499E}"
EndProject
Project("{FAE04EC0-301F-11D3-BF4B-00C04F79EFBC}") = "Isuzu.Common.ValueObject", "Isuzu.Common.ValueObject\Isuzu.Common.ValueObject.csproj", "{BAE81779-979D-4544-9184-4614986F3362}"
EndProject
Project("{FAE04EC0-301F-11D3-BF4B-00C04F79EFBC}") = "Isuzu.Repository", "Isuzu.Repository\Isuzu.Repository.csproj", "{13DD01F7-C348-4566-AD0E-DB5F790ED5F2}"
EndProject
Project("{FAE04EC0-301F-11D3-BF4B-00C04F79EFBC}") = "Isuzu.Service", "Isuzu.Service\Isuzu.Service.csproj", "{1ADD2F62-608B-446D-AE85-2468953751D1}"
EndProject
Project("{FAE04EC0-301F-11D3-BF4B-00C04F79EFBC}") = "Isuzu.Service.Impl", "Isuzu.Service.Impl\Isuzu.Service.Impl.csproj", "{E8F620E3-CFE2-401C-A9EC-9DE16EDA37BB}"
EndProject
Project("{FAE04EC0-301F-11D3-BF4B-00C04F79EFBC}") = "Isuzu.Context", "Isuzu.Context\Isuzu.Context.csproj", "{82D2B22A-90BC-440A-BA19-83914D0018AC}"
EndProject
Project("{FAE04EC0-301F-11D3-BF4B-00C04F79EFBC}") = "Isuzu.Entity", "Isuzu.Entity\Isuzu.Entity.csproj", "{0D9037C9-AA89-4342-80EB-B7E394AD40FD}"
EndProject
Project("{FAE04EC0-301F-11D3-BF4B-00C04F79EFBC}") = "Isuzu.Repository.Impl", "Isuzu.Repository.Impl\Isuzu.Repository.Impl.csproj", "{6EFDBE1E-E1B8-46BD-835A-867B6AC88125}"
EndProject
Global
	GlobalSection(SolutionConfigurationPlatforms) = preSolution
		Debug|Any CPU = Debug|Any CPU
		Release|Any CPU = Release|Any CPU
	EndGlobalSection
	GlobalSection(ProjectConfigurationPlatforms) = postSolution
		{552C55A7-7C80-4532-A346-773FBD13610B}.Debug|Any CPU.ActiveCfg = Debug|Any CPU
		{552C55A7-7C80-4532-A346-773FBD13610B}.Debug|Any CPU.Build.0 = Debug|Any CPU
		{552C55A7-7C80-4532-A346-773FBD13610B}.Release|Any CPU.ActiveCfg = Release|Any CPU
		{552C55A7-7C80-4532-A346-773FBD13610B}.Release|Any CPU.Build.0 = Release|Any CPU
		{9C29A518-0B8C-4E95-8196-4D9EB887A8D9}.Debug|Any CPU.ActiveCfg = Debug|Any CPU
		{9C29A518-0B8C-4E95-8196-4D9EB887A8D9}.Debug|Any CPU.Build.0 = Debug|Any CPU
		{9C29A518-0B8C-4E95-8196-4D9EB887A8D9}.Release|Any CPU.ActiveCfg = Release|Any CPU
		{9C29A518-0B8C-4E95-8196-4D9EB887A8D9}.Release|Any CPU.Build.0 = Release|Any CPU
		{449748D1-BC3D-459A-96E1-813F9388E44E}.Debug|Any CPU.ActiveCfg = Debug|Any CPU
		{449748D1-BC3D-459A-96E1-813F9388E44E}.Debug|Any CPU.Build.0 = Debug|Any CPU
		{449748D1-BC3D-459A-96E1-813F9388E44E}.Release|Any CPU.ActiveCfg = Release|Any CPU
		{449748D1-BC3D-459A-96E1-813F9388E44E}.Release|Any CPU.Build.0 = Release|Any CPU
		{EA0CB63C-87C2-470E-9651-3CCD1D8C8BE4}.Debug|Any CPU.ActiveCfg = Debug|Any CPU
		{EA0CB63C-87C2-470E-9651-3CCD1D8C8BE4}.Debug|Any CPU.Build.0 = Debug|Any CPU
		{EA0CB63C-87C2-470E-9651-3CCD1D8C8BE4}.Release|Any CPU.ActiveCfg = Release|Any CPU
		{EA0CB63C-87C2-470E-9651-3CCD1D8C8BE4}.Release|Any CPU.Build.0 = Release|Any CPU
		{E365F321-091B-4D42-8934-6E919C7FF6B1}.Debug|Any CPU.ActiveCfg = Debug|Any CPU
		{E365F321-091B-4D42-8934-6E919C7FF6B1}.Debug|Any CPU.Build.0 = Debug|Any CPU
		{E365F321-091B-4D42-8934-6E919C7FF6B1}.Release|Any CPU.ActiveCfg = Release|Any CPU
		{E365F321-091B-4D42-8934-6E919C7FF6B1}.Release|Any CPU.Build.0 = Release|Any CPU
		{7526F7F0-D2AA-442F-B170-1DB30880E0EF}.Debug|Any CPU.ActiveCfg = Debug|Any CPU
		{7526F7F0-D2AA-442F-B170-1DB30880E0EF}.Debug|Any CPU.Build.0 = Debug|Any CPU
		{7526F7F0-D2AA-442F-B170-1DB30880E0EF}.Release|Any CPU.ActiveCfg = Release|Any CPU
		{7526F7F0-D2AA-442F-B170-1DB30880E0EF}.Release|Any CPU.Build.0 = Release|Any CPU
		{1CD73CE9-A580-479F-B049-288215CD5E04}.Debug|Any CPU.ActiveCfg = Debug|Any CPU
		{1CD73CE9-A580-479F-B049-288215CD5E04}.Debug|Any CPU.Build.0 = Debug|Any CPU
		{1CD73CE9-A580-479F-B049-288215CD5E04}.Release|Any CPU.ActiveCfg = Release|Any CPU
		{1CD73CE9-A580-479F-B049-288215CD5E04}.Release|Any CPU.Build.0 = Release|Any CPU
		{4FBC9A8B-22EE-474C-A07E-00D5E770F751}.Debug|Any CPU.ActiveCfg = Debug|Any CPU
		{4FBC9A8B-22EE-474C-A07E-00D5E770F751}.Debug|Any CPU.Build.0 = Debug|Any CPU
		{4FBC9A8B-22EE-474C-A07E-00D5E770F751}.Release|Any CPU.ActiveCfg = Release|Any CPU
		{4FBC9A8B-22EE-474C-A07E-00D5E770F751}.Release|Any CPU.Build.0 = Release|Any CPU
		{E22348A1-E953-478B-9B69-CB3FCB3A45CE}.Debug|Any CPU.ActiveCfg = Debug|Any CPU
		{E22348A1-E953-478B-9B69-CB3FCB3A45CE}.Debug|Any CPU.Build.0 = Debug|Any CPU
		{E22348A1-E953-478B-9B69-CB3FCB3A45CE}.Release|Any CPU.ActiveCfg = Release|Any CPU
		{E22348A1-E953-478B-9B69-CB3FCB3A45CE}.Release|Any CPU.Build.0 = Release|Any CPU
		{A2112D9C-2217-49A3-8FEE-B749DED27C8E}.Debug|Any CPU.ActiveCfg = Debug|Any CPU
		{A2112D9C-2217-49A3-8FEE-B749DED27C8E}.Debug|Any CPU.Build.0 = Debug|Any CPU
		{A2112D9C-2217-49A3-8FEE-B749DED27C8E}.Release|Any CPU.ActiveCfg = Release|Any CPU
		{A2112D9C-2217-49A3-8FEE-B749DED27C8E}.Release|Any CPU.Build.0 = Release|Any CPU
		{C8C9F920-5E08-4A3A-AF4F-FE3AA35421C8}.Debug|Any CPU.ActiveCfg = Debug|Any CPU
		{C8C9F920-5E08-4A3A-AF4F-FE3AA35421C8}.Debug|Any CPU.Build.0 = Debug|Any CPU
		{C8C9F920-5E08-4A3A-AF4F-FE3AA35421C8}.Release|Any CPU.ActiveCfg = Release|Any CPU
		{C8C9F920-5E08-4A3A-AF4F-FE3AA35421C8}.Release|Any CPU.Build.0 = Release|Any CPU
		{A97EA57C-9BBE-4650-8AAD-28FDBCA2677F}.Debug|Any CPU.ActiveCfg = Debug|Any CPU
		{A97EA57C-9BBE-4650-8AAD-28FDBCA2677F}.Debug|Any CPU.Build.0 = Debug|Any CPU
		{A97EA57C-9BBE-4650-8AAD-28FDBCA2677F}.Release|Any CPU.ActiveCfg = Release|Any CPU
		{A97EA57C-9BBE-4650-8AAD-28FDBCA2677F}.Release|Any CPU.Build.0 = Release|Any CPU
		{171BC7E4-10EB-4E0A-ADC2-8E0998BDB28E}.Debug|Any CPU.ActiveCfg = Debug|Any CPU
		{171BC7E4-10EB-4E0A-ADC2-8E0998BDB28E}.Debug|Any CPU.Build.0 = Debug|Any CPU
		{171BC7E4-10EB-4E0A-ADC2-8E0998BDB28E}.Release|Any CPU.ActiveCfg = Release|Any CPU
		{171BC7E4-10EB-4E0A-ADC2-8E0998BDB28E}.Release|Any CPU.Build.0 = Release|Any CPU
		{52D8BFB8-8342-4323-BB58-B867D7D01E8A}.Debug|Any CPU.ActiveCfg = Debug|Any CPU
		{52D8BFB8-8342-4323-BB58-B867D7D01E8A}.Debug|Any CPU.Build.0 = Debug|Any CPU
		{52D8BFB8-8342-4323-BB58-B867D7D01E8A}.Release|Any CPU.ActiveCfg = Release|Any CPU
		{52D8BFB8-8342-4323-BB58-B867D7D01E8A}.Release|Any CPU.Build.0 = Release|Any CPU
		{DA06ED44-6947-44F1-B16E-D6EA2F9CBB68}.Debug|Any CPU.ActiveCfg = Debug|Any CPU
		{DA06ED44-6947-44F1-B16E-D6EA2F9CBB68}.Debug|Any CPU.Build.0 = Debug|Any CPU
		{DA06ED44-6947-44F1-B16E-D6EA2F9CBB68}.Release|Any CPU.ActiveCfg = Release|Any CPU
		{DA06ED44-6947-44F1-B16E-D6EA2F9CBB68}.Release|Any CPU.Build.0 = Release|Any CPU
		{4B54C7A7-0B9D-40A2-95D3-2C96D052AE0B}.Debug|Any CPU.ActiveCfg = Debug|Any CPU
		{4B54C7A7-0B9D-40A2-95D3-2C96D052AE0B}.Debug|Any CPU.Build.0 = Debug|Any CPU
		{4B54C7A7-0B9D-40A2-95D3-2C96D052AE0B}.Release|Any CPU.ActiveCfg = Release|Any CPU
		{4B54C7A7-0B9D-40A2-95D3-2C96D052AE0B}.Release|Any CPU.Build.0 = Release|Any CPU
		{404DC46F-7784-48E3-A506-5A5A69BD7EEF}.Debug|Any CPU.ActiveCfg = Debug|Any CPU
		{404DC46F-7784-48E3-A506-5A5A69BD7EEF}.Debug|Any CPU.Build.0 = Debug|Any CPU
		{404DC46F-7784-48E3-A506-5A5A69BD7EEF}.Release|Any CPU.ActiveCfg = Release|Any CPU
		{404DC46F-7784-48E3-A506-5A5A69BD7EEF}.Release|Any CPU.Build.0 = Release|Any CPU
		{879CE366-C973-4AB8-860B-ABC5C94F2A36}.Debug|Any CPU.ActiveCfg = Debug|Any CPU
		{879CE366-C973-4AB8-860B-ABC5C94F2A36}.Debug|Any CPU.Build.0 = Debug|Any CPU
		{879CE366-C973-4AB8-860B-ABC5C94F2A36}.Release|Any CPU.ActiveCfg = Release|Any CPU
		{879CE366-C973-4AB8-860B-ABC5C94F2A36}.Release|Any CPU.Build.0 = Release|Any CPU
		{C883F41B-E3BF-4E82-B7B2-55351566C55E}.Debug|Any CPU.ActiveCfg = Debug|Any CPU
		{C883F41B-E3BF-4E82-B7B2-55351566C55E}.Debug|Any CPU.Build.0 = Debug|Any CPU
		{C883F41B-E3BF-4E82-B7B2-55351566C55E}.Release|Any CPU.ActiveCfg = Release|Any CPU
		{C883F41B-E3BF-4E82-B7B2-55351566C55E}.Release|Any CPU.Build.0 = Release|Any CPU
		{DE781960-445F-417B-8F15-B5FAE25D15C5}.Debug|Any CPU.ActiveCfg = Debug|Any CPU
		{DE781960-445F-417B-8F15-B5FAE25D15C5}.Debug|Any CPU.Build.0 = Debug|Any CPU
		{DE781960-445F-417B-8F15-B5FAE25D15C5}.Release|Any CPU.ActiveCfg = Release|Any CPU
		{DE781960-445F-417B-8F15-B5FAE25D15C5}.Release|Any CPU.Build.0 = Release|Any CPU
		{76C721E6-B6F0-4132-B36E-9A9B68CBAE0E}.Debug|Any CPU.ActiveCfg = Debug|Any CPU
		{76C721E6-B6F0-4132-B36E-9A9B68CBAE0E}.Debug|Any CPU.Build.0 = Debug|Any CPU
		{76C721E6-B6F0-4132-B36E-9A9B68CBAE0E}.Release|Any CPU.ActiveCfg = Release|Any CPU
		{76C721E6-B6F0-4132-B36E-9A9B68CBAE0E}.Release|Any CPU.Build.0 = Release|Any CPU
		{9CC22B43-A4A9-44E9-8D84-B5BC04240248}.Debug|Any CPU.ActiveCfg = Debug|Any CPU
		{9CC22B43-A4A9-44E9-8D84-B5BC04240248}.Debug|Any CPU.Build.0 = Debug|Any CPU
		{9CC22B43-A4A9-44E9-8D84-B5BC04240248}.Release|Any CPU.ActiveCfg = Release|Any CPU
		{9CC22B43-A4A9-44E9-8D84-B5BC04240248}.Release|Any CPU.Build.0 = Release|Any CPU
		{E1E1315E-6D9A-4DD7-AF98-7D82FD12EA4F}.Debug|Any CPU.ActiveCfg = Debug|Any CPU
		{E1E1315E-6D9A-4DD7-AF98-7D82FD12EA4F}.Debug|Any CPU.Build.0 = Debug|Any CPU
		{E1E1315E-6D9A-4DD7-AF98-7D82FD12EA4F}.Release|Any CPU.ActiveCfg = Release|Any CPU
		{E1E1315E-6D9A-4DD7-AF98-7D82FD12EA4F}.Release|Any CPU.Build.0 = Release|Any CPU
		{A23C70B6-A16E-4E68-8741-498ABC3F3538}.Debug|Any CPU.ActiveCfg = Debug|Any CPU
		{A23C70B6-A16E-4E68-8741-498ABC3F3538}.Debug|Any CPU.Build.0 = Debug|Any CPU
		{A23C70B6-A16E-4E68-8741-498ABC3F3538}.Release|Any CPU.ActiveCfg = Release|Any CPU
		{A23C70B6-A16E-4E68-8741-498ABC3F3538}.Release|Any CPU.Build.0 = Release|Any CPU
		{A0332865-E8ED-42D4-BD3A-11422E7524A9}.Debug|Any CPU.ActiveCfg = Debug|Any CPU
		{A0332865-E8ED-42D4-BD3A-11422E7524A9}.Debug|Any CPU.Build.0 = Debug|Any CPU
		{A0332865-E8ED-42D4-BD3A-11422E7524A9}.Release|Any CPU.ActiveCfg = Release|Any CPU
		{A0332865-E8ED-42D4-BD3A-11422E7524A9}.Release|Any CPU.Build.0 = Release|Any CPU
		{5D433237-F4B1-4DF3-B2D7-FEB7371E85B2}.Debug|Any CPU.ActiveCfg = Debug|Any CPU
		{5D433237-F4B1-4DF3-B2D7-FEB7371E85B2}.Debug|Any CPU.Build.0 = Debug|Any CPU
		{5D433237-F4B1-4DF3-B2D7-FEB7371E85B2}.Release|Any CPU.ActiveCfg = Release|Any CPU
		{5D433237-F4B1-4DF3-B2D7-FEB7371E85B2}.Release|Any CPU.Build.0 = Release|Any CPU
		{BAE81779-979D-4544-9184-4614986F3362}.Debug|Any CPU.ActiveCfg = Debug|Any CPU
		{BAE81779-979D-4544-9184-4614986F3362}.Debug|Any CPU.Build.0 = Debug|Any CPU
		{BAE81779-979D-4544-9184-4614986F3362}.Release|Any CPU.ActiveCfg = Release|Any CPU
		{BAE81779-979D-4544-9184-4614986F3362}.Release|Any CPU.Build.0 = Release|Any CPU
		{13DD01F7-C348-4566-AD0E-DB5F790ED5F2}.Debug|Any CPU.ActiveCfg = Debug|Any CPU
		{13DD01F7-C348-4566-AD0E-DB5F790ED5F2}.Debug|Any CPU.Build.0 = Debug|Any CPU
		{13DD01F7-C348-4566-AD0E-DB5F790ED5F2}.Release|Any CPU.ActiveCfg = Release|Any CPU
		{13DD01F7-C348-4566-AD0E-DB5F790ED5F2}.Release|Any CPU.Build.0 = Release|Any CPU
		{1ADD2F62-608B-446D-AE85-2468953751D1}.Debug|Any CPU.ActiveCfg = Debug|Any CPU
		{1ADD2F62-608B-446D-AE85-2468953751D1}.Debug|Any CPU.Build.0 = Debug|Any CPU
		{1ADD2F62-608B-446D-AE85-2468953751D1}.Release|Any CPU.ActiveCfg = Release|Any CPU
		{1ADD2F62-608B-446D-AE85-2468953751D1}.Release|Any CPU.Build.0 = Release|Any CPU
		{E8F620E3-CFE2-401C-A9EC-9DE16EDA37BB}.Debug|Any CPU.ActiveCfg = Debug|Any CPU
		{E8F620E3-CFE2-401C-A9EC-9DE16EDA37BB}.Debug|Any CPU.Build.0 = Debug|Any CPU
		{E8F620E3-CFE2-401C-A9EC-9DE16EDA37BB}.Release|Any CPU.ActiveCfg = Release|Any CPU
		{E8F620E3-CFE2-401C-A9EC-9DE16EDA37BB}.Release|Any CPU.Build.0 = Release|Any CPU
		{82D2B22A-90BC-440A-BA19-83914D0018AC}.Debug|Any CPU.ActiveCfg = Debug|Any CPU
		{82D2B22A-90BC-440A-BA19-83914D0018AC}.Debug|Any CPU.Build.0 = Debug|Any CPU
		{82D2B22A-90BC-440A-BA19-83914D0018AC}.Release|Any CPU.ActiveCfg = Release|Any CPU
		{82D2B22A-90BC-440A-BA19-83914D0018AC}.Release|Any CPU.Build.0 = Release|Any CPU
		{0D9037C9-AA89-4342-80EB-B7E394AD40FD}.Debug|Any CPU.ActiveCfg = Debug|Any CPU
		{0D9037C9-AA89-4342-80EB-B7E394AD40FD}.Debug|Any CPU.Build.0 = Debug|Any CPU
		{0D9037C9-AA89-4342-80EB-B7E394AD40FD}.Release|Any CPU.ActiveCfg = Release|Any CPU
		{0D9037C9-AA89-4342-80EB-B7E394AD40FD}.Release|Any CPU.Build.0 = Release|Any CPU
		{6EFDBE1E-E1B8-46BD-835A-867B6AC88125}.Debug|Any CPU.ActiveCfg = Debug|Any CPU
		{6EFDBE1E-E1B8-46BD-835A-867B6AC88125}.Debug|Any CPU.Build.0 = Debug|Any CPU
		{6EFDBE1E-E1B8-46BD-835A-867B6AC88125}.Release|Any CPU.ActiveCfg = Release|Any CPU
		{6EFDBE1E-E1B8-46BD-835A-867B6AC88125}.Release|Any CPU.Build.0 = Release|Any CPU
	EndGlobalSection
	GlobalSection(SolutionProperties) = preSolution
		HideSolutionNode = FALSE
	EndGlobalSection
	GlobalSection(NestedProjects) = preSolution
		{E1612467-1B09-48C3-80D0-C5E0FE1ABFC4} = {075C6141-16E3-402D-8389-3B87CADA20B0}
		{CA89EC48-BB76-4297-BFDB-6D0E41E384B3} = {075C6141-16E3-402D-8389-3B87CADA20B0}
		{973C9C24-17CF-4EF0-B643-2FB7BDB2F808} = {075C6141-16E3-402D-8389-3B87CADA20B0}
		{F5CDB10B-143B-4C8B-A780-7A16E572D13E} = {075C6141-16E3-402D-8389-3B87CADA20B0}
		{606C08D6-02D7-4E47-A95B-263F9DF1ED74} = {FAACC7C6-FD5C-467C-9E85-CA9EDD38602B}
		{3F4019D6-C7A0-4774-8DFE-1FB9F5530D75} = {FAACC7C6-FD5C-467C-9E85-CA9EDD38602B}
		{552C55A7-7C80-4532-A346-773FBD13610B} = {3F4019D6-C7A0-4774-8DFE-1FB9F5530D75}
		{9C29A518-0B8C-4E95-8196-4D9EB887A8D9} = {973C9C24-17CF-4EF0-B643-2FB7BDB2F808}
		{449748D1-BC3D-459A-96E1-813F9388E44E} = {973C9C24-17CF-4EF0-B643-2FB7BDB2F808}
		{73CA273D-84CA-4151-AE0C-3B9E2F3066FB} = {FAACC7C6-FD5C-467C-9E85-CA9EDD38602B}
		{EDB0A70F-C7B7-48E7-A4FB-EC4F9BB42B4C} = {FAACC7C6-FD5C-467C-9E85-CA9EDD38602B}
		{706FFA72-6BEB-419C-9D45-7F20DD3C8569} = {EDB0A70F-C7B7-48E7-A4FB-EC4F9BB42B4C}
		{EA0CB63C-87C2-470E-9651-3CCD1D8C8BE4} = {CA89EC48-BB76-4297-BFDB-6D0E41E384B3}
		{E365F321-091B-4D42-8934-6E919C7FF6B1} = {CA89EC48-BB76-4297-BFDB-6D0E41E384B3}
		{7526F7F0-D2AA-442F-B170-1DB30880E0EF} = {F5CDB10B-143B-4C8B-A780-7A16E572D13E}
		{1CD73CE9-A580-479F-B049-288215CD5E04} = {F5CDB10B-143B-4C8B-A780-7A16E572D13E}
		{4FBC9A8B-22EE-474C-A07E-00D5E770F751} = {706FFA72-6BEB-419C-9D45-7F20DD3C8569}
		{E22348A1-E953-478B-9B69-CB3FCB3A45CE} = {706FFA72-6BEB-419C-9D45-7F20DD3C8569}
		{E6F2F480-C7F9-4BA6-BFB8-5BEC51047E3E} = {EDB0A70F-C7B7-48E7-A4FB-EC4F9BB42B4C}
		{A2112D9C-2217-49A3-8FEE-B749DED27C8E} = {E6F2F480-C7F9-4BA6-BFB8-5BEC51047E3E}
		{B45DF483-3E3E-4E1B-94FC-70DED1B35981} = {EDB0A70F-C7B7-48E7-A4FB-EC4F9BB42B4C}
		{C8C9F920-5E08-4A3A-AF4F-FE3AA35421C8} = {E1612467-1B09-48C3-80D0-C5E0FE1ABFC4}
		{A97EA57C-9BBE-4650-8AAD-28FDBCA2677F} = {B45DF483-3E3E-4E1B-94FC-70DED1B35981}
		{171BC7E4-10EB-4E0A-ADC2-8E0998BDB28E} = {EDB0A70F-C7B7-48E7-A4FB-EC4F9BB42B4C}
		{52D8BFB8-8342-4323-BB58-B867D7D01E8A} = {E1612467-1B09-48C3-80D0-C5E0FE1ABFC4}
		{DA06ED44-6947-44F1-B16E-D6EA2F9CBB68} = {606C08D6-02D7-4E47-A95B-263F9DF1ED74}
		{4B54C7A7-0B9D-40A2-95D3-2C96D052AE0B} = {606C08D6-02D7-4E47-A95B-263F9DF1ED74}
		{404DC46F-7784-48E3-A506-5A5A69BD7EEF} = {606C08D6-02D7-4E47-A95B-263F9DF1ED74}
		{35AE9DF3-9EC3-49E4-B9CF-02839CB2F622} = {606C08D6-02D7-4E47-A95B-263F9DF1ED74}
		{287F7803-8C67-4E68-9DD9-22F0C9C24D1C} = {606C08D6-02D7-4E47-A95B-263F9DF1ED74}
		{FCC0F775-7A94-484B-BEF7-A95D43709907} = {606C08D6-02D7-4E47-A95B-263F9DF1ED74}
		{879CE366-C973-4AB8-860B-ABC5C94F2A36} = {973C9C24-17CF-4EF0-B643-2FB7BDB2F808}
		{C883F41B-E3BF-4E82-B7B2-55351566C55E} = {CA89EC48-BB76-4297-BFDB-6D0E41E384B3}
		{DE781960-445F-417B-8F15-B5FAE25D15C5} = {CA89EC48-BB76-4297-BFDB-6D0E41E384B3}
		{76C721E6-B6F0-4132-B36E-9A9B68CBAE0E} = {E6F2F480-C7F9-4BA6-BFB8-5BEC51047E3E}
		{9CC22B43-A4A9-44E9-8D84-B5BC04240248} = {E6F2F480-C7F9-4BA6-BFB8-5BEC51047E3E}
		{E1E1315E-6D9A-4DD7-AF98-7D82FD12EA4F} = {E6F2F480-C7F9-4BA6-BFB8-5BEC51047E3E}
		{A23C70B6-A16E-4E68-8741-498ABC3F3538} = {287F7803-8C67-4E68-9DD9-22F0C9C24D1C}
		{A0332865-E8ED-42D4-BD3A-11422E7524A9} = {287F7803-8C67-4E68-9DD9-22F0C9C24D1C}
		{5D433237-F4B1-4DF3-B2D7-FEB7371E85B2} = {73CA273D-84CA-4151-AE0C-3B9E2F3066FB}
		{0289038D-09B9-401A-8102-C1CE39495E04} = {73CA273D-84CA-4151-AE0C-3B9E2F3066FB}
		{74D6D1AD-DA58-4D6E-9441-452D53237C66} = {73CA273D-84CA-4151-AE0C-3B9E2F3066FB}
		{CFF35D4F-FA1C-4282-A74A-27B0126F499E} = {73CA273D-84CA-4151-AE0C-3B9E2F3066FB}
		{BAE81779-979D-4544-9184-4614986F3362} = {0289038D-09B9-401A-8102-C1CE39495E04}
		{13DD01F7-C348-4566-AD0E-DB5F790ED5F2} = {74D6D1AD-DA58-4D6E-9441-452D53237C66}
		{1ADD2F62-608B-446D-AE85-2468953751D1} = {CFF35D4F-FA1C-4282-A74A-27B0126F499E}
		{E8F620E3-CFE2-401C-A9EC-9DE16EDA37BB} = {CFF35D4F-FA1C-4282-A74A-27B0126F499E}
		{82D2B22A-90BC-440A-BA19-83914D0018AC} = {74D6D1AD-DA58-4D6E-9441-452D53237C66}
		{0D9037C9-AA89-4342-80EB-B7E394AD40FD} = {74D6D1AD-DA58-4D6E-9441-452D53237C66}
		{6EFDBE1E-E1B8-46BD-835A-867B6AC88125} = {74D6D1AD-DA58-4D6E-9441-452D53237C66}
	EndGlobalSection
	GlobalSection(ExtensibilityGlobals) = postSolution
		SolutionGuid = {A988AAD2-BAE7-4EE3-9908-4E6C802AFADF}
	EndGlobalSection
EndGlobal
