
Microsoft Visual Studio Solution File, Format Version 12.00
# Visual Studio 15
VisualStudioVersion = 15.0.26430.16
MinimumVisualStudioVersion = 10.0.40219.1
Project("{2150E333-8FDC-42A3-9474-1A3956D46DE8}") = "Core", "Core", "{075C6141-16E3-402D-8389-3B87CADA20B0}"
EndProject
Project("{2150E333-8FDC-42A3-9474-1A3956D46DE8}") = "Common", "Common", "{E1612467-1B09-48C3-80D0-C5E0FE1ABFC4}"
EndProject
Project("{2150E333-8FDC-42A3-9474-1A3956D46DE8}") = "Repository", "Repository", "{CA89EC48-BB76-4297-BFDB-6D0E41E384B3}"
EndProject
Project("{2150E333-8FDC-42A3-9474-1A3956D46DE8}") = "Security", "Security", "{973C9C24-17CF-4EF0-B643-2FB7BDB2F808}"
EndProject
Project("{2150E333-8FDC-42A3-9474-1A3956D46DE8}") = "Service", "Service", "{F5CDB10B-143B-4C8B-A780-7A16E572D13E}"
EndProject
Project("{2150E333-8FDC-42A3-9474-1A3956D46DE8}") = "Projects", "Projects", "{FAACC7C6-FD5C-467C-9E85-CA9EDD38602B}"
EndProject
Project("{2150E333-8FDC-42A3-9474-1A3956D46DE8}") = "WMS", "WMS", "{606C08D6-02D7-4E47-A95B-263F9DF1ED74}"
EndProject
Project("{2150E333-8FDC-42A3-9474-1A3956D46DE8}") = "PQM", "PQM", "{3F4019D6-C7A0-4774-8DFE-1FB9F5530D75}"
EndProject
Project("{FAE04EC0-301F-11D3-BF4B-00C04F79EFBC}") = "PQM.WebApi", "PQM.WebApi\PQM.WebApi.csproj", "{552C55A7-7C80-4532-A346-773FBD13610B}"
EndProject
Project("{FAE04EC0-301F-11D3-BF4B-00C04F79EFBC}") = "WIM.Core.Security.Context", "WIM.Core.Security.Context\WIM.Core.Security.Context.csproj", "{9C29A518-0B8C-4E95-8196-4D9EB887A8D9}"
EndProject
Project("{FAE04EC0-301F-11D3-BF4B-00C04F79EFBC}") = "WIM.Core.Security.Entity", "WIM.Core.Security.Entity\WIM.Core.Security.Entity.csproj", "{449748D1-BC3D-459A-96E1-813F9388E44E}"
EndProject
Project("{2150E333-8FDC-42A3-9474-1A3956D46DE8}") = "Isuzu", "Isuzu", "{73CA273D-84CA-4151-AE0C-3B9E2F3066FB}"
EndProject
Project("{2150E333-8FDC-42A3-9474-1A3956D46DE8}") = "Fuji", "Fuji", "{EDB0A70F-C7B7-48E7-A4FB-EC4F9BB42B4C}"
EndProject
Project("{2150E333-8FDC-42A3-9474-1A3956D46DE8}") = "Service", "Service", "{706FFA72-6BEB-419C-9D45-7F20DD3C8569}"
EndProject
Project("{FAE04EC0-301F-11D3-BF4B-00C04F79EFBC}") = "WIM.Core.Repository", "WIM.Core.Repository\WIM.Core.Repository.csproj", "{EA0CB63C-87C2-470E-9651-3CCD1D8C8BE4}"
EndProject
Project("{FAE04EC0-301F-11D3-BF4B-00C04F79EFBC}") = "WIM.Core.Repository.Impl", "WIM.Core.Repository.Impl\WIM.Core.Repository.Impl.csproj", "{E365F321-091B-4D42-8934-6E919C7FF6B1}"
EndProject
Project("{FAE04EC0-301F-11D3-BF4B-00C04F79EFBC}") = "WIM.Core.Service", "WIM.Core.Service\WIM.Core.Service.csproj", "{7526F7F0-D2AA-442F-B170-1DB30880E0EF}"
EndProject
Project("{FAE04EC0-301F-11D3-BF4B-00C04F79EFBC}") = "WIM.Core.Service.Impl", "WIM.Core.Service.Impl\WIM.Core.Service.Impl.csproj", "{1CD73CE9-A580-479F-B049-288215CD5E04}"
EndProject
Project("{FAE04EC0-301F-11D3-BF4B-00C04F79EFBC}") = "Fuji.Service", "Fuji.Service\Fuji.Service.csproj", "{4FBC9A8B-22EE-474C-A07E-00D5E770F751}"
EndProject
Project("{FAE04EC0-301F-11D3-BF4B-00C04F79EFBC}") = "Fuji.Service.Impl", "Fuji.Service.Impl\Fuji.Service.Impl.csproj", "{E22348A1-E953-478B-9B69-CB3FCB3A45CE}"
EndProject
Project("{2150E333-8FDC-42A3-9474-1A3956D46DE8}") = "Repository", "Repository", "{E6F2F480-C7F9-4BA6-BFB8-5BEC51047E3E}"
EndProject
Project("{FAE04EC0-301F-11D3-BF4B-00C04F79EFBC}") = "Fuji.Repository", "Fuji.Repository\Fuji.Repository.csproj", "{A2112D9C-2217-49A3-8FEE-B749DED27C8E}"
EndProject
Project("{2150E333-8FDC-42A3-9474-1A3956D46DE8}") = "Common", "Common", "{B45DF483-3E3E-4E1B-94FC-70DED1B35981}"
EndProject
Project("{FAE04EC0-301F-11D3-BF4B-00C04F79EFBC}") = "WIM.Core.Common.ValueObject", "WIM.Core.Common.ValueObject\WIM.Core.Common.ValueObject.csproj", "{C8C9F920-5E08-4A3A-AF4F-FE3AA35421C8}"
EndProject
Project("{FAE04EC0-301F-11D3-BF4B-00C04F79EFBC}") = "Fuji.Common.ValueObject", "Fuji.Common.ValueObject\Fuji.Common.ValueObject.csproj", "{A97EA57C-9BBE-4650-8AAD-28FDBCA2677F}"
EndProject
Project("{FAE04EC0-301F-11D3-BF4B-00C04F79EFBC}") = "Fuji.WebApi", "Fuji.WebApi\Fuji.WebApi.csproj", "{171BC7E4-10EB-4E0A-ADC2-8E0998BDB28E}"
EndProject
Project("{FAE04EC0-301F-11D3-BF4B-00C04F79EFBC}") = "WIM.Core.Common", "WIM.Core.Common\WIM.Core.Common.csproj", "{52D8BFB8-8342-4323-BB58-B867D7D01E8A}"
EndProject
Project("{FAE04EC0-301F-11D3-BF4B-00C04F79EFBC}") = "WMS.WebApi", "WMS.WebApi\WMS.WebApi.csproj", "{DA06ED44-6947-44F1-B16E-D6EA2F9CBB68}"
EndProject
Project("{2150E333-8FDC-42A3-9474-1A3956D46DE8}") = "Common", "Common", "{35AE9DF3-9EC3-49E4-B9CF-02839CB2F622}"
EndProject
Project("{2150E333-8FDC-42A3-9474-1A3956D46DE8}") = "Repository", "Repository", "{287F7803-8C67-4E68-9DD9-22F0C9C24D1C}"
EndProject
Project("{2150E333-8FDC-42A3-9474-1A3956D46DE8}") = "Service", "Service", "{FCC0F775-7A94-484B-BEF7-A95D43709907}"
EndProject
Project("{FAE04EC0-301F-11D3-BF4B-00C04F79EFBC}") = "WIM.Core.Security", "WIM.Core.Security\WIM.Core.Security.csproj", "{879CE366-C973-4AB8-860B-ABC5C94F2A36}"
EndProject
Project("{FAE04EC0-301F-11D3-BF4B-00C04F79EFBC}") = "WIM.Core.Context", "WIM.Core.Context\WIM.Core.Context.csproj", "{C883F41B-E3BF-4E82-B7B2-55351566C55E}"
EndProject
Project("{FAE04EC0-301F-11D3-BF4B-00C04F79EFBC}") = "WIM.Core.Entity", "WIM.Core.Entity\WIM.Core.Entity.csproj", "{DE781960-445F-417B-8F15-B5FAE25D15C5}"
EndProject
Project("{FAE04EC0-301F-11D3-BF4B-00C04F79EFBC}") = "Fuji.Repository.Impl", "Fuji.Repository.Impl\Fuji.Repository.Impl.csproj", "{76C721E6-B6F0-4132-B36E-9A9B68CBAE0E}"
EndProject
Project("{FAE04EC0-301F-11D3-BF4B-00C04F79EFBC}") = "Fuji.Context", "Fuji.Context\Fuji.Context.csproj", "{9CC22B43-A4A9-44E9-8D84-B5BC04240248}"
EndProject
Project("{FAE04EC0-301F-11D3-BF4B-00C04F79EFBC}") = "Fuji.Entity", "Fuji.Entity\Fuji.Entity.csproj", "{E1E1315E-6D9A-4DD7-AF98-7D82FD12EA4F}"
EndProject
Project("{FAE04EC0-301F-11D3-BF4B-00C04F79EFBC}") = "WMS.Context", "WMS.Context\WMS.Context.csproj", "{A23C70B6-A16E-4E68-8741-498ABC3F3538}"
EndProject
Project("{FAE04EC0-301F-11D3-BF4B-00C04F79EFBC}") = "WMS.Entity", "WMS.Entity\WMS.Entity.csproj", "{A0332865-E8ED-42D4-BD3A-11422E7524A9}"
EndProject
Project("{FAE04EC0-301F-11D3-BF4B-00C04F79EFBC}") = "WMS.Common.ValueObject", "WMS.Common.ValueObject\WMS.Common.ValueObject.csproj", "{30A80D17-B62F-4F7D-9430-B02425001E3B}"
EndProject
Project("{2150E333-8FDC-42A3-9474-1A3956D46DE8}") = "HRMS", "HRMS", "{704E770A-65F8-4E42-BF4D-A4A8348C746D}"
EndProject
Project("{2150E333-8FDC-42A3-9474-1A3956D46DE8}") = "Common", "Common", "{1B5B1341-B10F-44C3-8E87-88FBC9A92FDA}"
EndProject
Project("{2150E333-8FDC-42A3-9474-1A3956D46DE8}") = "Repository", "Repository", "{358E9717-2204-4B79-A479-6CA24CB4F4C8}"
EndProject
Project("{2150E333-8FDC-42A3-9474-1A3956D46DE8}") = "Service", "Service", "{6A403987-9F77-4FDD-8A45-67CAE6FFE8EE}"
EndProject
Project("{FAE04EC0-301F-11D3-BF4B-00C04F79EFBC}") = "HRMS.WebApi", "HRMS.WebApi\HRMS.WebApi.csproj", "{98BB3CB7-35AA-4405-860D-D08856A91FE9}"
EndProject
Project("{FAE04EC0-301F-11D3-BF4B-00C04F79EFBC}") = "HRMS.Service", "HRMS.Service\HRMS.Service.csproj", "{93A81E85-ACA4-4809-88DC-C3D67548EF83}"
EndProject
Project("{FAE04EC0-301F-11D3-BF4B-00C04F79EFBC}") = "HRMS.Service.Impl", "HRMS.Service.Impl\HRMS.Service.Impl.csproj", "{B7EA8787-86EA-48FC-945F-6CAE2B397DA4}"
EndProject
Project("{FAE04EC0-301F-11D3-BF4B-00C04F79EFBC}") = "Isuzu.WebApi", "Isuzu.WebApi\Isuzu.WebApi.csproj", "{5D433237-F4B1-4DF3-B2D7-FEB7371E85B2}"
EndProject
Project("{2150E333-8FDC-42A3-9474-1A3956D46DE8}") = "Common", "Common", "{38A3DA06-5B64-4EFB-9AB0-6140050A5650}"
EndProject
Project("{2150E333-8FDC-42A3-9474-1A3956D46DE8}") = "Repository", "Repository", "{0A63804F-42AB-4447-8521-AEA7D97A3B73}"
EndProject
Project("{2150E333-8FDC-42A3-9474-1A3956D46DE8}") = "Service", "Service", "{3E1DC9AF-2FB8-4307-A30E-93A5236B09DC}"
EndProject
Project("{FAE04EC0-301F-11D3-BF4B-00C04F79EFBC}") = "Isuzu.Common.ValueObject", "Isuzu.Common.ValueObject\Isuzu.Common.ValueObject.csproj", "{BAE81779-979D-4544-9184-4614986F3362}"
EndProject
Project("{FAE04EC0-301F-11D3-BF4B-00C04F79EFBC}") = "Isuzu.Context", "Isuzu.Context\Isuzu.Context.csproj", "{82D2B22A-90BC-440A-BA19-83914D0018AC}"
EndProject
Project("{FAE04EC0-301F-11D3-BF4B-00C04F79EFBC}") = "Isuzu.Entity", "Isuzu.Entity\Isuzu.Entity.csproj", "{0D9037C9-AA89-4342-80EB-B7E394AD40FD}"
EndProject
Project("{FAE04EC0-301F-11D3-BF4B-00C04F79EFBC}") = "Isuzu.Repository", "Isuzu.Repository\Isuzu.Repository.csproj", "{13DD01F7-C348-4566-AD0E-DB5F790ED5F2}"
EndProject
Project("{FAE04EC0-301F-11D3-BF4B-00C04F79EFBC}") = "Isuzu.Repository.Impl", "Isuzu.Repository.Impl\Isuzu.Repository.Impl.csproj", "{6EFDBE1E-E1B8-46BD-835A-867B6AC88125}"
EndProject
Project("{FAE04EC0-301F-11D3-BF4B-00C04F79EFBC}") = "Isuzu.Service", "Isuzu.Service\Isuzu.Service.csproj", "{1ADD2F62-608B-446D-AE85-2468953751D1}"
EndProject
Project("{FAE04EC0-301F-11D3-BF4B-00C04F79EFBC}") = "Isuzu.Service.Impl", "Isuzu.Service.Impl\Isuzu.Service.Impl.csproj", "{E8F620E3-CFE2-401C-A9EC-9DE16EDA37BB}"
EndProject
Project("{FAE04EC0-301F-11D3-BF4B-00C04F79EFBC}") = "HRMS.Context", "HRMS.Context\HRMS.Context.csproj", "{D78E68BA-486E-4577-8773-BF08F50721E1}"
EndProject
Project("{FAE04EC0-301F-11D3-BF4B-00C04F79EFBC}") = "HRMS.Entity", "HRMS.Entity\HRMS.Entity.csproj", "{1646E0FC-8F7B-436F-983A-7C9873CA49CB}"
EndProject
Project("{FAE04EC0-301F-11D3-BF4B-00C04F79EFBC}") = "HRMS.Repository", "HRMS.Repository\HRMS.Repository.csproj", "{2D0B2680-D488-4B8A-BAB8-CF286CD071E0}"
EndProject
Project("{FAE04EC0-301F-11D3-BF4B-00C04F79EFBC}") = "HRMS.Repository.Impl", "HRMS.Repository.Impl\HRMS.Repository.Impl.csproj", "{95CA527D-583B-493D-AD2C-C488029145A1}"
EndProject
Project("{FAE04EC0-301F-11D3-BF4B-00C04F79EFBC}") = "HRMS.Common.ValueObject", "HRMS.Common.ValueObject\HRMS.Common.ValueObject.csproj", "{A3EA41DF-D932-48B0-8100-A76E5DF04B8E}"
EndProject
Project("{FAE04EC0-301F-11D3-BF4B-00C04F79EFBC}") = "HRMS.Common", "HRMS.Common\HRMS.Common.csproj", "{DD34FC8E-6D76-4571-93E3-98DD2F1FB361}"
EndProject
Project("{FAE04EC0-301F-11D3-BF4B-00C04F79EFBC}") = "WMS.Service.Impl", "WMS.Service.Impl\WMS.Service.Impl.csproj", "{DC9513CF-FDAB-4170-8131-4A1FD5D048BE}"
EndProject
Project("{FAE04EC0-301F-11D3-BF4B-00C04F79EFBC}") = "WIM.Core.Security.Repository", "WIM.Core.Security.Repository\WIM.Core.Security.Repository.csproj", "{098B63F0-95BB-421F-AC45-047F397FA475}"
EndProject
Project("{FAE04EC0-301F-11D3-BF4B-00C04F79EFBC}") = "WIM.Core.Security.Repository.Imp", "WIM.Core.Security.Repository.Imp\WIM.Core.Security.Repository.Imp.csproj", "{316E0CEC-584A-46E7-A1D7-4368BB07848C}"
EndProject
Project("{FAE04EC0-301F-11D3-BF4B-00C04F79EFBC}") = "WMS.Repository", "WMS.Repository\WMS.Repository.csproj", "{C9851706-907C-4291-8086-B1DF3B41674D}"
EndProject
Project("{FAE04EC0-301F-11D3-BF4B-00C04F79EFBC}") = "WMS.Repository.Impl", "WMS.Repository.Impl\WMS.Repository.Impl.csproj", "{4A90AD09-D706-4985-A8CD-73B2BA35403D}"
EndProject
Project("{FAE04EC0-301F-11D3-BF4B-00C04F79EFBC}") = "WMS.Service", "WMS.Service\WMS.Service.csproj", "{7EBE4831-BEEE-4F55-A5CA-71EFA10522A7}"
EndProject
Project("{2150E333-8FDC-42A3-9474-1A3956D46DE8}") = "@Master", "@Master", "{D4CADD1C-ADA0-4D83-9378-9E75295AF2B5}"
EndProject
Project("{FAE04EC0-301F-11D3-BF4B-00C04F79EFBC}") = "Master.Common.ValueObject", "Master.Common.ValueObject\Master.Common.ValueObject.csproj", "{9A37166E-BD6C-4BA9-9091-985BC77C68D6}"
EndProject
Project("{FAE04EC0-301F-11D3-BF4B-00C04F79EFBC}") = "Master.Common", "Master.Common\Master.Common.csproj", "{518D6E6B-A842-43FB-BBAF-D9F95F5B2916}"
EndProject
Project("{FAE04EC0-301F-11D3-BF4B-00C04F79EFBC}") = "Master.Context", "Master.Context\Master.Context.csproj", "{C075D9B8-702B-4CE9-91DC-83FC22A2B4AA}"
EndProject
Project("{FAE04EC0-301F-11D3-BF4B-00C04F79EFBC}") = "Master.Entity", "Master.Entity\Master.Entity.csproj", "{787996D9-933A-4580-9B87-C0F78D04D228}"
EndProject
Project("{FAE04EC0-301F-11D3-BF4B-00C04F79EFBC}") = "Master.Repository", "Master.Repository\Master.Repository.csproj", "{D00CC013-65E7-4950-9A7A-6AB0E8DD58F8}"
EndProject
Project("{FAE04EC0-301F-11D3-BF4B-00C04F79EFBC}") = "Master.Repository.Impl", "Master.Repository.Impl\Master.Repository.Impl.csproj", "{1108DC2D-EFBE-4C2C-9B0B-30521E0CA9E6}"
EndProject
Project("{FAE04EC0-301F-11D3-BF4B-00C04F79EFBC}") = "Master.Service", "Master.Service\Master.Service.csproj", "{2CF56A5A-150B-4805-91D6-35127991297E}"
EndProject
Project("{FAE04EC0-301F-11D3-BF4B-00C04F79EFBC}") = "Master.Service.Impl", "Master.Service.Impl\Master.Service.Impl.csproj", "{8F267ABE-2D7E-40BC-B79A-10918971B74C}"
EndProject
Project("{FAE04EC0-301F-11D3-BF4B-00C04F79EFBC}") = "Master.WebApi", "Master.WebApi\Master.WebApi.csproj", "{BAC719E2-6937-40F5-846C-4392A5DFDC66}"
EndProject
Project("{2150E333-8FDC-42A3-9474-1A3956D46DE8}") = "Service", "Service", "{DAE81666-5C73-4BB0-8731-EDA09194C03A}"
EndProject
Project("{2150E333-8FDC-42A3-9474-1A3956D46DE8}") = "Repository", "Repository", "{31D0FD73-C303-449A-A3ED-D9D9F21CA113}"
EndProject
Project("{2150E333-8FDC-42A3-9474-1A3956D46DE8}") = "Common", "Common", "{90203035-CFAB-41DA-B61E-984AB51FD30E}"
EndProject
Project("{FAE04EC0-301F-11D3-BF4B-00C04F79EFBC}") = "Fuji.Common", "Fuji.Common\Fuji.Common.csproj", "{F614AE62-A53C-4952-880E-380AC277E8A7}"
EndProject
Global
	GlobalSection(SolutionConfigurationPlatforms) = preSolution
		Debug|Any CPU = Debug|Any CPU
		Release|Any CPU = Release|Any CPU
	EndGlobalSection
	GlobalSection(ProjectConfigurationPlatforms) = postSolution
		{552C55A7-7C80-4532-A346-773FBD13610B}.Debug|Any CPU.ActiveCfg = Debug|Any CPU
		{552C55A7-7C80-4532-A346-773FBD13610B}.Debug|Any CPU.Build.0 = Debug|Any CPU
		{552C55A7-7C80-4532-A346-773FBD13610B}.Release|Any CPU.ActiveCfg = Release|Any CPU
		{552C55A7-7C80-4532-A346-773FBD13610B}.Release|Any CPU.Build.0 = Release|Any CPU
		{9C29A518-0B8C-4E95-8196-4D9EB887A8D9}.Debug|Any CPU.ActiveCfg = Debug|Any CPU
		{9C29A518-0B8C-4E95-8196-4D9EB887A8D9}.Debug|Any CPU.Build.0 = Debug|Any CPU
		{9C29A518-0B8C-4E95-8196-4D9EB887A8D9}.Release|Any CPU.ActiveCfg = Release|Any CPU
		{9C29A518-0B8C-4E95-8196-4D9EB887A8D9}.Release|Any CPU.Build.0 = Release|Any CPU
		{449748D1-BC3D-459A-96E1-813F9388E44E}.Debug|Any CPU.ActiveCfg = Debug|Any CPU
		{449748D1-BC3D-459A-96E1-813F9388E44E}.Debug|Any CPU.Build.0 = Debug|Any CPU
		{449748D1-BC3D-459A-96E1-813F9388E44E}.Release|Any CPU.ActiveCfg = Release|Any CPU
		{449748D1-BC3D-459A-96E1-813F9388E44E}.Release|Any CPU.Build.0 = Release|Any CPU
		{EA0CB63C-87C2-470E-9651-3CCD1D8C8BE4}.Debug|Any CPU.ActiveCfg = Debug|Any CPU
		{EA0CB63C-87C2-470E-9651-3CCD1D8C8BE4}.Debug|Any CPU.Build.0 = Debug|Any CPU
		{EA0CB63C-87C2-470E-9651-3CCD1D8C8BE4}.Release|Any CPU.ActiveCfg = Release|Any CPU
		{EA0CB63C-87C2-470E-9651-3CCD1D8C8BE4}.Release|Any CPU.Build.0 = Release|Any CPU
		{E365F321-091B-4D42-8934-6E919C7FF6B1}.Debug|Any CPU.ActiveCfg = Debug|Any CPU
		{E365F321-091B-4D42-8934-6E919C7FF6B1}.Debug|Any CPU.Build.0 = Debug|Any CPU
		{E365F321-091B-4D42-8934-6E919C7FF6B1}.Release|Any CPU.ActiveCfg = Release|Any CPU
		{E365F321-091B-4D42-8934-6E919C7FF6B1}.Release|Any CPU.Build.0 = Release|Any CPU
		{7526F7F0-D2AA-442F-B170-1DB30880E0EF}.Debug|Any CPU.ActiveCfg = Debug|Any CPU
		{7526F7F0-D2AA-442F-B170-1DB30880E0EF}.Debug|Any CPU.Build.0 = Debug|Any CPU
		{7526F7F0-D2AA-442F-B170-1DB30880E0EF}.Release|Any CPU.ActiveCfg = Release|Any CPU
		{7526F7F0-D2AA-442F-B170-1DB30880E0EF}.Release|Any CPU.Build.0 = Release|Any CPU
		{1CD73CE9-A580-479F-B049-288215CD5E04}.Debug|Any CPU.ActiveCfg = Debug|Any CPU
		{1CD73CE9-A580-479F-B049-288215CD5E04}.Debug|Any CPU.Build.0 = Debug|Any CPU
		{1CD73CE9-A580-479F-B049-288215CD5E04}.Release|Any CPU.ActiveCfg = Release|Any CPU
		{1CD73CE9-A580-479F-B049-288215CD5E04}.Release|Any CPU.Build.0 = Release|Any CPU
		{4FBC9A8B-22EE-474C-A07E-00D5E770F751}.Debug|Any CPU.ActiveCfg = Debug|Any CPU
		{4FBC9A8B-22EE-474C-A07E-00D5E770F751}.Debug|Any CPU.Build.0 = Debug|Any CPU
		{4FBC9A8B-22EE-474C-A07E-00D5E770F751}.Release|Any CPU.ActiveCfg = Release|Any CPU
		{4FBC9A8B-22EE-474C-A07E-00D5E770F751}.Release|Any CPU.Build.0 = Release|Any CPU
		{E22348A1-E953-478B-9B69-CB3FCB3A45CE}.Debug|Any CPU.ActiveCfg = Debug|Any CPU
		{E22348A1-E953-478B-9B69-CB3FCB3A45CE}.Debug|Any CPU.Build.0 = Debug|Any CPU
		{E22348A1-E953-478B-9B69-CB3FCB3A45CE}.Release|Any CPU.ActiveCfg = Release|Any CPU
		{E22348A1-E953-478B-9B69-CB3FCB3A45CE}.Release|Any CPU.Build.0 = Release|Any CPU
		{A2112D9C-2217-49A3-8FEE-B749DED27C8E}.Debug|Any CPU.ActiveCfg = Debug|Any CPU
		{A2112D9C-2217-49A3-8FEE-B749DED27C8E}.Debug|Any CPU.Build.0 = Debug|Any CPU
		{A2112D9C-2217-49A3-8FEE-B749DED27C8E}.Release|Any CPU.ActiveCfg = Release|Any CPU
		{A2112D9C-2217-49A3-8FEE-B749DED27C8E}.Release|Any CPU.Build.0 = Release|Any CPU
		{C8C9F920-5E08-4A3A-AF4F-FE3AA35421C8}.Debug|Any CPU.ActiveCfg = Debug|Any CPU
		{C8C9F920-5E08-4A3A-AF4F-FE3AA35421C8}.Debug|Any CPU.Build.0 = Debug|Any CPU
		{C8C9F920-5E08-4A3A-AF4F-FE3AA35421C8}.Release|Any CPU.ActiveCfg = Release|Any CPU
		{C8C9F920-5E08-4A3A-AF4F-FE3AA35421C8}.Release|Any CPU.Build.0 = Release|Any CPU
		{A97EA57C-9BBE-4650-8AAD-28FDBCA2677F}.Debug|Any CPU.ActiveCfg = Debug|Any CPU
		{A97EA57C-9BBE-4650-8AAD-28FDBCA2677F}.Debug|Any CPU.Build.0 = Debug|Any CPU
		{A97EA57C-9BBE-4650-8AAD-28FDBCA2677F}.Release|Any CPU.ActiveCfg = Release|Any CPU
		{A97EA57C-9BBE-4650-8AAD-28FDBCA2677F}.Release|Any CPU.Build.0 = Release|Any CPU
		{171BC7E4-10EB-4E0A-ADC2-8E0998BDB28E}.Debug|Any CPU.ActiveCfg = Debug|Any CPU
		{171BC7E4-10EB-4E0A-ADC2-8E0998BDB28E}.Debug|Any CPU.Build.0 = Debug|Any CPU
		{171BC7E4-10EB-4E0A-ADC2-8E0998BDB28E}.Release|Any CPU.ActiveCfg = Release|Any CPU
		{171BC7E4-10EB-4E0A-ADC2-8E0998BDB28E}.Release|Any CPU.Build.0 = Release|Any CPU
		{52D8BFB8-8342-4323-BB58-B867D7D01E8A}.Debug|Any CPU.ActiveCfg = Debug|Any CPU
		{52D8BFB8-8342-4323-BB58-B867D7D01E8A}.Debug|Any CPU.Build.0 = Debug|Any CPU
		{52D8BFB8-8342-4323-BB58-B867D7D01E8A}.Release|Any CPU.ActiveCfg = Release|Any CPU
		{52D8BFB8-8342-4323-BB58-B867D7D01E8A}.Release|Any CPU.Build.0 = Release|Any CPU
		{DA06ED44-6947-44F1-B16E-D6EA2F9CBB68}.Debug|Any CPU.ActiveCfg = Debug|Any CPU
		{DA06ED44-6947-44F1-B16E-D6EA2F9CBB68}.Debug|Any CPU.Build.0 = Debug|Any CPU
		{DA06ED44-6947-44F1-B16E-D6EA2F9CBB68}.Release|Any CPU.ActiveCfg = Release|Any CPU
		{DA06ED44-6947-44F1-B16E-D6EA2F9CBB68}.Release|Any CPU.Build.0 = Release|Any CPU
		{879CE366-C973-4AB8-860B-ABC5C94F2A36}.Debug|Any CPU.ActiveCfg = Debug|Any CPU
		{879CE366-C973-4AB8-860B-ABC5C94F2A36}.Debug|Any CPU.Build.0 = Debug|Any CPU
		{879CE366-C973-4AB8-860B-ABC5C94F2A36}.Release|Any CPU.ActiveCfg = Release|Any CPU
		{879CE366-C973-4AB8-860B-ABC5C94F2A36}.Release|Any CPU.Build.0 = Release|Any CPU
		{C883F41B-E3BF-4E82-B7B2-55351566C55E}.Debug|Any CPU.ActiveCfg = Debug|Any CPU
		{C883F41B-E3BF-4E82-B7B2-55351566C55E}.Debug|Any CPU.Build.0 = Debug|Any CPU
		{C883F41B-E3BF-4E82-B7B2-55351566C55E}.Release|Any CPU.ActiveCfg = Release|Any CPU
		{C883F41B-E3BF-4E82-B7B2-55351566C55E}.Release|Any CPU.Build.0 = Release|Any CPU
		{DE781960-445F-417B-8F15-B5FAE25D15C5}.Debug|Any CPU.ActiveCfg = Debug|Any CPU
		{DE781960-445F-417B-8F15-B5FAE25D15C5}.Debug|Any CPU.Build.0 = Debug|Any CPU
		{DE781960-445F-417B-8F15-B5FAE25D15C5}.Release|Any CPU.ActiveCfg = Release|Any CPU
		{DE781960-445F-417B-8F15-B5FAE25D15C5}.Release|Any CPU.Build.0 = Release|Any CPU
		{76C721E6-B6F0-4132-B36E-9A9B68CBAE0E}.Debug|Any CPU.ActiveCfg = Debug|Any CPU
		{76C721E6-B6F0-4132-B36E-9A9B68CBAE0E}.Debug|Any CPU.Build.0 = Debug|Any CPU
		{76C721E6-B6F0-4132-B36E-9A9B68CBAE0E}.Release|Any CPU.ActiveCfg = Release|Any CPU
		{76C721E6-B6F0-4132-B36E-9A9B68CBAE0E}.Release|Any CPU.Build.0 = Release|Any CPU
		{9CC22B43-A4A9-44E9-8D84-B5BC04240248}.Debug|Any CPU.ActiveCfg = Debug|Any CPU
		{9CC22B43-A4A9-44E9-8D84-B5BC04240248}.Debug|Any CPU.Build.0 = Debug|Any CPU
		{9CC22B43-A4A9-44E9-8D84-B5BC04240248}.Release|Any CPU.ActiveCfg = Release|Any CPU
		{9CC22B43-A4A9-44E9-8D84-B5BC04240248}.Release|Any CPU.Build.0 = Release|Any CPU
		{E1E1315E-6D9A-4DD7-AF98-7D82FD12EA4F}.Debug|Any CPU.ActiveCfg = Debug|Any CPU
		{E1E1315E-6D9A-4DD7-AF98-7D82FD12EA4F}.Debug|Any CPU.Build.0 = Debug|Any CPU
		{E1E1315E-6D9A-4DD7-AF98-7D82FD12EA4F}.Release|Any CPU.ActiveCfg = Release|Any CPU
		{E1E1315E-6D9A-4DD7-AF98-7D82FD12EA4F}.Release|Any CPU.Build.0 = Release|Any CPU
		{A23C70B6-A16E-4E68-8741-498ABC3F3538}.Debug|Any CPU.ActiveCfg = Debug|Any CPU
		{A23C70B6-A16E-4E68-8741-498ABC3F3538}.Debug|Any CPU.Build.0 = Debug|Any CPU
		{A23C70B6-A16E-4E68-8741-498ABC3F3538}.Release|Any CPU.ActiveCfg = Release|Any CPU
		{A23C70B6-A16E-4E68-8741-498ABC3F3538}.Release|Any CPU.Build.0 = Release|Any CPU
		{A0332865-E8ED-42D4-BD3A-11422E7524A9}.Debug|Any CPU.ActiveCfg = Debug|Any CPU
		{A0332865-E8ED-42D4-BD3A-11422E7524A9}.Debug|Any CPU.Build.0 = Debug|Any CPU
		{A0332865-E8ED-42D4-BD3A-11422E7524A9}.Release|Any CPU.ActiveCfg = Release|Any CPU
		{A0332865-E8ED-42D4-BD3A-11422E7524A9}.Release|Any CPU.Build.0 = Release|Any CPU
		{30A80D17-B62F-4F7D-9430-B02425001E3B}.Debug|Any CPU.ActiveCfg = Debug|Any CPU
		{30A80D17-B62F-4F7D-9430-B02425001E3B}.Debug|Any CPU.Build.0 = Debug|Any CPU
		{30A80D17-B62F-4F7D-9430-B02425001E3B}.Release|Any CPU.ActiveCfg = Release|Any CPU
		{30A80D17-B62F-4F7D-9430-B02425001E3B}.Release|Any CPU.Build.0 = Release|Any CPU
		{98BB3CB7-35AA-4405-860D-D08856A91FE9}.Debug|Any CPU.ActiveCfg = Debug|Any CPU
		{98BB3CB7-35AA-4405-860D-D08856A91FE9}.Debug|Any CPU.Build.0 = Debug|Any CPU
		{98BB3CB7-35AA-4405-860D-D08856A91FE9}.Release|Any CPU.ActiveCfg = Release|Any CPU
		{98BB3CB7-35AA-4405-860D-D08856A91FE9}.Release|Any CPU.Build.0 = Release|Any CPU
		{93A81E85-ACA4-4809-88DC-C3D67548EF83}.Debug|Any CPU.ActiveCfg = Debug|Any CPU
		{93A81E85-ACA4-4809-88DC-C3D67548EF83}.Debug|Any CPU.Build.0 = Debug|Any CPU
		{93A81E85-ACA4-4809-88DC-C3D67548EF83}.Release|Any CPU.ActiveCfg = Release|Any CPU
		{93A81E85-ACA4-4809-88DC-C3D67548EF83}.Release|Any CPU.Build.0 = Release|Any CPU
		{B7EA8787-86EA-48FC-945F-6CAE2B397DA4}.Debug|Any CPU.ActiveCfg = Debug|Any CPU
		{B7EA8787-86EA-48FC-945F-6CAE2B397DA4}.Debug|Any CPU.Build.0 = Debug|Any CPU
		{B7EA8787-86EA-48FC-945F-6CAE2B397DA4}.Release|Any CPU.ActiveCfg = Release|Any CPU
		{B7EA8787-86EA-48FC-945F-6CAE2B397DA4}.Release|Any CPU.Build.0 = Release|Any CPU
		{5D433237-F4B1-4DF3-B2D7-FEB7371E85B2}.Debug|Any CPU.ActiveCfg = Debug|Any CPU
		{5D433237-F4B1-4DF3-B2D7-FEB7371E85B2}.Debug|Any CPU.Build.0 = Debug|Any CPU
		{5D433237-F4B1-4DF3-B2D7-FEB7371E85B2}.Release|Any CPU.ActiveCfg = Release|Any CPU
		{5D433237-F4B1-4DF3-B2D7-FEB7371E85B2}.Release|Any CPU.Build.0 = Release|Any CPU
		{BAE81779-979D-4544-9184-4614986F3362}.Debug|Any CPU.ActiveCfg = Debug|Any CPU
		{BAE81779-979D-4544-9184-4614986F3362}.Debug|Any CPU.Build.0 = Debug|Any CPU
		{BAE81779-979D-4544-9184-4614986F3362}.Release|Any CPU.ActiveCfg = Release|Any CPU
		{BAE81779-979D-4544-9184-4614986F3362}.Release|Any CPU.Build.0 = Release|Any CPU
		{82D2B22A-90BC-440A-BA19-83914D0018AC}.Debug|Any CPU.ActiveCfg = Debug|Any CPU
		{82D2B22A-90BC-440A-BA19-83914D0018AC}.Debug|Any CPU.Build.0 = Debug|Any CPU
		{82D2B22A-90BC-440A-BA19-83914D0018AC}.Release|Any CPU.ActiveCfg = Release|Any CPU
		{82D2B22A-90BC-440A-BA19-83914D0018AC}.Release|Any CPU.Build.0 = Release|Any CPU
		{0D9037C9-AA89-4342-80EB-B7E394AD40FD}.Debug|Any CPU.ActiveCfg = Debug|Any CPU
		{0D9037C9-AA89-4342-80EB-B7E394AD40FD}.Debug|Any CPU.Build.0 = Debug|Any CPU
		{0D9037C9-AA89-4342-80EB-B7E394AD40FD}.Release|Any CPU.ActiveCfg = Release|Any CPU
		{0D9037C9-AA89-4342-80EB-B7E394AD40FD}.Release|Any CPU.Build.0 = Release|Any CPU
		{13DD01F7-C348-4566-AD0E-DB5F790ED5F2}.Debug|Any CPU.ActiveCfg = Debug|Any CPU
		{13DD01F7-C348-4566-AD0E-DB5F790ED5F2}.Debug|Any CPU.Build.0 = Debug|Any CPU
		{13DD01F7-C348-4566-AD0E-DB5F790ED5F2}.Release|Any CPU.ActiveCfg = Release|Any CPU
		{13DD01F7-C348-4566-AD0E-DB5F790ED5F2}.Release|Any CPU.Build.0 = Release|Any CPU
		{6EFDBE1E-E1B8-46BD-835A-867B6AC88125}.Debug|Any CPU.ActiveCfg = Debug|Any CPU
		{6EFDBE1E-E1B8-46BD-835A-867B6AC88125}.Debug|Any CPU.Build.0 = Debug|Any CPU
		{6EFDBE1E-E1B8-46BD-835A-867B6AC88125}.Release|Any CPU.ActiveCfg = Release|Any CPU
		{6EFDBE1E-E1B8-46BD-835A-867B6AC88125}.Release|Any CPU.Build.0 = Release|Any CPU
		{1ADD2F62-608B-446D-AE85-2468953751D1}.Debug|Any CPU.ActiveCfg = Debug|Any CPU
		{1ADD2F62-608B-446D-AE85-2468953751D1}.Debug|Any CPU.Build.0 = Debug|Any CPU
		{1ADD2F62-608B-446D-AE85-2468953751D1}.Release|Any CPU.ActiveCfg = Release|Any CPU
		{1ADD2F62-608B-446D-AE85-2468953751D1}.Release|Any CPU.Build.0 = Release|Any CPU
		{E8F620E3-CFE2-401C-A9EC-9DE16EDA37BB}.Debug|Any CPU.ActiveCfg = Debug|Any CPU
		{E8F620E3-CFE2-401C-A9EC-9DE16EDA37BB}.Debug|Any CPU.Build.0 = Debug|Any CPU
		{E8F620E3-CFE2-401C-A9EC-9DE16EDA37BB}.Release|Any CPU.ActiveCfg = Release|Any CPU
		{E8F620E3-CFE2-401C-A9EC-9DE16EDA37BB}.Release|Any CPU.Build.0 = Release|Any CPU
		{D78E68BA-486E-4577-8773-BF08F50721E1}.Debug|Any CPU.ActiveCfg = Debug|Any CPU
		{D78E68BA-486E-4577-8773-BF08F50721E1}.Debug|Any CPU.Build.0 = Debug|Any CPU
		{D78E68BA-486E-4577-8773-BF08F50721E1}.Release|Any CPU.ActiveCfg = Release|Any CPU
		{D78E68BA-486E-4577-8773-BF08F50721E1}.Release|Any CPU.Build.0 = Release|Any CPU
		{1646E0FC-8F7B-436F-983A-7C9873CA49CB}.Debug|Any CPU.ActiveCfg = Debug|Any CPU
		{1646E0FC-8F7B-436F-983A-7C9873CA49CB}.Debug|Any CPU.Build.0 = Debug|Any CPU
		{1646E0FC-8F7B-436F-983A-7C9873CA49CB}.Release|Any CPU.ActiveCfg = Release|Any CPU
		{1646E0FC-8F7B-436F-983A-7C9873CA49CB}.Release|Any CPU.Build.0 = Release|Any CPU
		{2D0B2680-D488-4B8A-BAB8-CF286CD071E0}.Debug|Any CPU.ActiveCfg = Debug|Any CPU
		{2D0B2680-D488-4B8A-BAB8-CF286CD071E0}.Debug|Any CPU.Build.0 = Debug|Any CPU
		{2D0B2680-D488-4B8A-BAB8-CF286CD071E0}.Release|Any CPU.ActiveCfg = Release|Any CPU
		{2D0B2680-D488-4B8A-BAB8-CF286CD071E0}.Release|Any CPU.Build.0 = Release|Any CPU
		{95CA527D-583B-493D-AD2C-C488029145A1}.Debug|Any CPU.ActiveCfg = Debug|Any CPU
		{95CA527D-583B-493D-AD2C-C488029145A1}.Debug|Any CPU.Build.0 = Debug|Any CPU
		{95CA527D-583B-493D-AD2C-C488029145A1}.Release|Any CPU.ActiveCfg = Release|Any CPU
		{95CA527D-583B-493D-AD2C-C488029145A1}.Release|Any CPU.Build.0 = Release|Any CPU
		{A3EA41DF-D932-48B0-8100-A76E5DF04B8E}.Debug|Any CPU.ActiveCfg = Debug|Any CPU
		{A3EA41DF-D932-48B0-8100-A76E5DF04B8E}.Debug|Any CPU.Build.0 = Debug|Any CPU
		{A3EA41DF-D932-48B0-8100-A76E5DF04B8E}.Release|Any CPU.ActiveCfg = Release|Any CPU
		{A3EA41DF-D932-48B0-8100-A76E5DF04B8E}.Release|Any CPU.Build.0 = Release|Any CPU
		{DD34FC8E-6D76-4571-93E3-98DD2F1FB361}.Debug|Any CPU.ActiveCfg = Debug|Any CPU
		{DD34FC8E-6D76-4571-93E3-98DD2F1FB361}.Debug|Any CPU.Build.0 = Debug|Any CPU
		{DD34FC8E-6D76-4571-93E3-98DD2F1FB361}.Release|Any CPU.ActiveCfg = Release|Any CPU
		{DD34FC8E-6D76-4571-93E3-98DD2F1FB361}.Release|Any CPU.Build.0 = Release|Any CPU
		{DC9513CF-FDAB-4170-8131-4A1FD5D048BE}.Debug|Any CPU.ActiveCfg = Debug|Any CPU
		{DC9513CF-FDAB-4170-8131-4A1FD5D048BE}.Debug|Any CPU.Build.0 = Debug|Any CPU
		{DC9513CF-FDAB-4170-8131-4A1FD5D048BE}.Release|Any CPU.ActiveCfg = Release|Any CPU
		{DC9513CF-FDAB-4170-8131-4A1FD5D048BE}.Release|Any CPU.Build.0 = Release|Any CPU
		{098B63F0-95BB-421F-AC45-047F397FA475}.Debug|Any CPU.ActiveCfg = Debug|Any CPU
		{098B63F0-95BB-421F-AC45-047F397FA475}.Debug|Any CPU.Build.0 = Debug|Any CPU
		{098B63F0-95BB-421F-AC45-047F397FA475}.Release|Any CPU.ActiveCfg = Release|Any CPU
		{098B63F0-95BB-421F-AC45-047F397FA475}.Release|Any CPU.Build.0 = Release|Any CPU
		{316E0CEC-584A-46E7-A1D7-4368BB07848C}.Debug|Any CPU.ActiveCfg = Debug|Any CPU
		{316E0CEC-584A-46E7-A1D7-4368BB07848C}.Debug|Any CPU.Build.0 = Debug|Any CPU
		{316E0CEC-584A-46E7-A1D7-4368BB07848C}.Release|Any CPU.ActiveCfg = Release|Any CPU
		{316E0CEC-584A-46E7-A1D7-4368BB07848C}.Release|Any CPU.Build.0 = Release|Any CPU
		{C9851706-907C-4291-8086-B1DF3B41674D}.Debug|Any CPU.ActiveCfg = Debug|Any CPU
		{C9851706-907C-4291-8086-B1DF3B41674D}.Debug|Any CPU.Build.0 = Debug|Any CPU
		{C9851706-907C-4291-8086-B1DF3B41674D}.Release|Any CPU.ActiveCfg = Release|Any CPU
		{C9851706-907C-4291-8086-B1DF3B41674D}.Release|Any CPU.Build.0 = Release|Any CPU
		{4A90AD09-D706-4985-A8CD-73B2BA35403D}.Debug|Any CPU.ActiveCfg = Debug|Any CPU
		{4A90AD09-D706-4985-A8CD-73B2BA35403D}.Debug|Any CPU.Build.0 = Debug|Any CPU
		{4A90AD09-D706-4985-A8CD-73B2BA35403D}.Release|Any CPU.ActiveCfg = Release|Any CPU
		{4A90AD09-D706-4985-A8CD-73B2BA35403D}.Release|Any CPU.Build.0 = Release|Any CPU
		{7EBE4831-BEEE-4F55-A5CA-71EFA10522A7}.Debug|Any CPU.ActiveCfg = Debug|Any CPU
		{7EBE4831-BEEE-4F55-A5CA-71EFA10522A7}.Debug|Any CPU.Build.0 = Debug|Any CPU
		{7EBE4831-BEEE-4F55-A5CA-71EFA10522A7}.Release|Any CPU.ActiveCfg = Release|Any CPU
		{7EBE4831-BEEE-4F55-A5CA-71EFA10522A7}.Release|Any CPU.Build.0 = Release|Any CPU
		{9A37166E-BD6C-4BA9-9091-985BC77C68D6}.Debug|Any CPU.ActiveCfg = Debug|Any CPU
		{9A37166E-BD6C-4BA9-9091-985BC77C68D6}.Debug|Any CPU.Build.0 = Debug|Any CPU
		{9A37166E-BD6C-4BA9-9091-985BC77C68D6}.Release|Any CPU.ActiveCfg = Release|Any CPU
		{9A37166E-BD6C-4BA9-9091-985BC77C68D6}.Release|Any CPU.Build.0 = Release|Any CPU
		{518D6E6B-A842-43FB-BBAF-D9F95F5B2916}.Debug|Any CPU.ActiveCfg = Debug|Any CPU
		{518D6E6B-A842-43FB-BBAF-D9F95F5B2916}.Debug|Any CPU.Build.0 = Debug|Any CPU
		{518D6E6B-A842-43FB-BBAF-D9F95F5B2916}.Release|Any CPU.ActiveCfg = Release|Any CPU
		{518D6E6B-A842-43FB-BBAF-D9F95F5B2916}.Release|Any CPU.Build.0 = Release|Any CPU
		{C075D9B8-702B-4CE9-91DC-83FC22A2B4AA}.Debug|Any CPU.ActiveCfg = Debug|Any CPU
		{C075D9B8-702B-4CE9-91DC-83FC22A2B4AA}.Debug|Any CPU.Build.0 = Debug|Any CPU
		{C075D9B8-702B-4CE9-91DC-83FC22A2B4AA}.Release|Any CPU.ActiveCfg = Release|Any CPU
		{C075D9B8-702B-4CE9-91DC-83FC22A2B4AA}.Release|Any CPU.Build.0 = Release|Any CPU
		{787996D9-933A-4580-9B87-C0F78D04D228}.Debug|Any CPU.ActiveCfg = Debug|Any CPU
		{787996D9-933A-4580-9B87-C0F78D04D228}.Debug|Any CPU.Build.0 = Debug|Any CPU
		{787996D9-933A-4580-9B87-C0F78D04D228}.Release|Any CPU.ActiveCfg = Release|Any CPU
		{787996D9-933A-4580-9B87-C0F78D04D228}.Release|Any CPU.Build.0 = Release|Any CPU
		{D00CC013-65E7-4950-9A7A-6AB0E8DD58F8}.Debug|Any CPU.ActiveCfg = Debug|Any CPU
		{D00CC013-65E7-4950-9A7A-6AB0E8DD58F8}.Debug|Any CPU.Build.0 = Debug|Any CPU
		{D00CC013-65E7-4950-9A7A-6AB0E8DD58F8}.Release|Any CPU.ActiveCfg = Release|Any CPU
		{D00CC013-65E7-4950-9A7A-6AB0E8DD58F8}.Release|Any CPU.Build.0 = Release|Any CPU
		{1108DC2D-EFBE-4C2C-9B0B-30521E0CA9E6}.Debug|Any CPU.ActiveCfg = Debug|Any CPU
		{1108DC2D-EFBE-4C2C-9B0B-30521E0CA9E6}.Debug|Any CPU.Build.0 = Debug|Any CPU
		{1108DC2D-EFBE-4C2C-9B0B-30521E0CA9E6}.Release|Any CPU.ActiveCfg = Release|Any CPU
		{1108DC2D-EFBE-4C2C-9B0B-30521E0CA9E6}.Release|Any CPU.Build.0 = Release|Any CPU
		{2CF56A5A-150B-4805-91D6-35127991297E}.Debug|Any CPU.ActiveCfg = Debug|Any CPU
		{2CF56A5A-150B-4805-91D6-35127991297E}.Debug|Any CPU.Build.0 = Debug|Any CPU
		{2CF56A5A-150B-4805-91D6-35127991297E}.Release|Any CPU.ActiveCfg = Release|Any CPU
		{2CF56A5A-150B-4805-91D6-35127991297E}.Release|Any CPU.Build.0 = Release|Any CPU
		{8F267ABE-2D7E-40BC-B79A-10918971B74C}.Debug|Any CPU.ActiveCfg = Debug|Any CPU
		{8F267ABE-2D7E-40BC-B79A-10918971B74C}.Debug|Any CPU.Build.0 = Debug|Any CPU
		{8F267ABE-2D7E-40BC-B79A-10918971B74C}.Release|Any CPU.ActiveCfg = Release|Any CPU
		{8F267ABE-2D7E-40BC-B79A-10918971B74C}.Release|Any CPU.Build.0 = Release|Any CPU
		{BAC719E2-6937-40F5-846C-4392A5DFDC66}.Debug|Any CPU.ActiveCfg = Debug|Any CPU
		{BAC719E2-6937-40F5-846C-4392A5DFDC66}.Debug|Any CPU.Build.0 = Debug|Any CPU
		{BAC719E2-6937-40F5-846C-4392A5DFDC66}.Release|Any CPU.ActiveCfg = Release|Any CPU
		{BAC719E2-6937-40F5-846C-4392A5DFDC66}.Release|Any CPU.Build.0 = Release|Any CPU
		{F614AE62-A53C-4952-880E-380AC277E8A7}.Debug|Any CPU.ActiveCfg = Debug|Any CPU
		{F614AE62-A53C-4952-880E-380AC277E8A7}.Debug|Any CPU.Build.0 = Debug|Any CPU
		{F614AE62-A53C-4952-880E-380AC277E8A7}.Release|Any CPU.ActiveCfg = Release|Any CPU
		{F614AE62-A53C-4952-880E-380AC277E8A7}.Release|Any CPU.Build.0 = Release|Any CPU
	EndGlobalSection
	GlobalSection(SolutionProperties) = preSolution
		HideSolutionNode = FALSE
	EndGlobalSection
	GlobalSection(NestedProjects) = preSolution
		{E1612467-1B09-48C3-80D0-C5E0FE1ABFC4} = {075C6141-16E3-402D-8389-3B87CADA20B0}
		{CA89EC48-BB76-4297-BFDB-6D0E41E384B3} = {075C6141-16E3-402D-8389-3B87CADA20B0}
		{973C9C24-17CF-4EF0-B643-2FB7BDB2F808} = {075C6141-16E3-402D-8389-3B87CADA20B0}
		{F5CDB10B-143B-4C8B-A780-7A16E572D13E} = {075C6141-16E3-402D-8389-3B87CADA20B0}
		{606C08D6-02D7-4E47-A95B-263F9DF1ED74} = {FAACC7C6-FD5C-467C-9E85-CA9EDD38602B}
		{3F4019D6-C7A0-4774-8DFE-1FB9F5530D75} = {FAACC7C6-FD5C-467C-9E85-CA9EDD38602B}
		{552C55A7-7C80-4532-A346-773FBD13610B} = {3F4019D6-C7A0-4774-8DFE-1FB9F5530D75}
		{9C29A518-0B8C-4E95-8196-4D9EB887A8D9} = {973C9C24-17CF-4EF0-B643-2FB7BDB2F808}
		{449748D1-BC3D-459A-96E1-813F9388E44E} = {973C9C24-17CF-4EF0-B643-2FB7BDB2F808}
		{73CA273D-84CA-4151-AE0C-3B9E2F3066FB} = {FAACC7C6-FD5C-467C-9E85-CA9EDD38602B}
		{EDB0A70F-C7B7-48E7-A4FB-EC4F9BB42B4C} = {FAACC7C6-FD5C-467C-9E85-CA9EDD38602B}
		{706FFA72-6BEB-419C-9D45-7F20DD3C8569} = {EDB0A70F-C7B7-48E7-A4FB-EC4F9BB42B4C}
		{EA0CB63C-87C2-470E-9651-3CCD1D8C8BE4} = {CA89EC48-BB76-4297-BFDB-6D0E41E384B3}
		{E365F321-091B-4D42-8934-6E919C7FF6B1} = {CA89EC48-BB76-4297-BFDB-6D0E41E384B3}
		{7526F7F0-D2AA-442F-B170-1DB30880E0EF} = {F5CDB10B-143B-4C8B-A780-7A16E572D13E}
		{1CD73CE9-A580-479F-B049-288215CD5E04} = {F5CDB10B-143B-4C8B-A780-7A16E572D13E}
		{4FBC9A8B-22EE-474C-A07E-00D5E770F751} = {706FFA72-6BEB-419C-9D45-7F20DD3C8569}
		{E22348A1-E953-478B-9B69-CB3FCB3A45CE} = {706FFA72-6BEB-419C-9D45-7F20DD3C8569}
		{E6F2F480-C7F9-4BA6-BFB8-5BEC51047E3E} = {EDB0A70F-C7B7-48E7-A4FB-EC4F9BB42B4C}
		{A2112D9C-2217-49A3-8FEE-B749DED27C8E} = {E6F2F480-C7F9-4BA6-BFB8-5BEC51047E3E}
		{B45DF483-3E3E-4E1B-94FC-70DED1B35981} = {EDB0A70F-C7B7-48E7-A4FB-EC4F9BB42B4C}
		{C8C9F920-5E08-4A3A-AF4F-FE3AA35421C8} = {E1612467-1B09-48C3-80D0-C5E0FE1ABFC4}
		{A97EA57C-9BBE-4650-8AAD-28FDBCA2677F} = {B45DF483-3E3E-4E1B-94FC-70DED1B35981}
		{171BC7E4-10EB-4E0A-ADC2-8E0998BDB28E} = {EDB0A70F-C7B7-48E7-A4FB-EC4F9BB42B4C}
		{52D8BFB8-8342-4323-BB58-B867D7D01E8A} = {E1612467-1B09-48C3-80D0-C5E0FE1ABFC4}
		{DA06ED44-6947-44F1-B16E-D6EA2F9CBB68} = {606C08D6-02D7-4E47-A95B-263F9DF1ED74}
		{35AE9DF3-9EC3-49E4-B9CF-02839CB2F622} = {606C08D6-02D7-4E47-A95B-263F9DF1ED74}
		{287F7803-8C67-4E68-9DD9-22F0C9C24D1C} = {606C08D6-02D7-4E47-A95B-263F9DF1ED74}
		{FCC0F775-7A94-484B-BEF7-A95D43709907} = {606C08D6-02D7-4E47-A95B-263F9DF1ED74}
		{879CE366-C973-4AB8-860B-ABC5C94F2A36} = {973C9C24-17CF-4EF0-B643-2FB7BDB2F808}
		{C883F41B-E3BF-4E82-B7B2-55351566C55E} = {CA89EC48-BB76-4297-BFDB-6D0E41E384B3}
		{DE781960-445F-417B-8F15-B5FAE25D15C5} = {CA89EC48-BB76-4297-BFDB-6D0E41E384B3}
		{76C721E6-B6F0-4132-B36E-9A9B68CBAE0E} = {E6F2F480-C7F9-4BA6-BFB8-5BEC51047E3E}
		{9CC22B43-A4A9-44E9-8D84-B5BC04240248} = {E6F2F480-C7F9-4BA6-BFB8-5BEC51047E3E}
		{E1E1315E-6D9A-4DD7-AF98-7D82FD12EA4F} = {E6F2F480-C7F9-4BA6-BFB8-5BEC51047E3E}
		{A23C70B6-A16E-4E68-8741-498ABC3F3538} = {287F7803-8C67-4E68-9DD9-22F0C9C24D1C}
		{A0332865-E8ED-42D4-BD3A-11422E7524A9} = {287F7803-8C67-4E68-9DD9-22F0C9C24D1C}
		{30A80D17-B62F-4F7D-9430-B02425001E3B} = {35AE9DF3-9EC3-49E4-B9CF-02839CB2F622}
		{704E770A-65F8-4E42-BF4D-A4A8348C746D} = {FAACC7C6-FD5C-467C-9E85-CA9EDD38602B}
		{1B5B1341-B10F-44C3-8E87-88FBC9A92FDA} = {704E770A-65F8-4E42-BF4D-A4A8348C746D}
		{358E9717-2204-4B79-A479-6CA24CB4F4C8} = {704E770A-65F8-4E42-BF4D-A4A8348C746D}
		{6A403987-9F77-4FDD-8A45-67CAE6FFE8EE} = {704E770A-65F8-4E42-BF4D-A4A8348C746D}
		{98BB3CB7-35AA-4405-860D-D08856A91FE9} = {704E770A-65F8-4E42-BF4D-A4A8348C746D}
		{93A81E85-ACA4-4809-88DC-C3D67548EF83} = {6A403987-9F77-4FDD-8A45-67CAE6FFE8EE}
		{B7EA8787-86EA-48FC-945F-6CAE2B397DA4} = {6A403987-9F77-4FDD-8A45-67CAE6FFE8EE}
		{5D433237-F4B1-4DF3-B2D7-FEB7371E85B2} = {73CA273D-84CA-4151-AE0C-3B9E2F3066FB}
		{38A3DA06-5B64-4EFB-9AB0-6140050A5650} = {73CA273D-84CA-4151-AE0C-3B9E2F3066FB}
		{0A63804F-42AB-4447-8521-AEA7D97A3B73} = {73CA273D-84CA-4151-AE0C-3B9E2F3066FB}
		{3E1DC9AF-2FB8-4307-A30E-93A5236B09DC} = {73CA273D-84CA-4151-AE0C-3B9E2F3066FB}
		{BAE81779-979D-4544-9184-4614986F3362} = {38A3DA06-5B64-4EFB-9AB0-6140050A5650}
		{82D2B22A-90BC-440A-BA19-83914D0018AC} = {0A63804F-42AB-4447-8521-AEA7D97A3B73}
		{0D9037C9-AA89-4342-80EB-B7E394AD40FD} = {0A63804F-42AB-4447-8521-AEA7D97A3B73}
		{13DD01F7-C348-4566-AD0E-DB5F790ED5F2} = {0A63804F-42AB-4447-8521-AEA7D97A3B73}
		{6EFDBE1E-E1B8-46BD-835A-867B6AC88125} = {0A63804F-42AB-4447-8521-AEA7D97A3B73}
		{1ADD2F62-608B-446D-AE85-2468953751D1} = {3E1DC9AF-2FB8-4307-A30E-93A5236B09DC}
		{E8F620E3-CFE2-401C-A9EC-9DE16EDA37BB} = {3E1DC9AF-2FB8-4307-A30E-93A5236B09DC}
		{D78E68BA-486E-4577-8773-BF08F50721E1} = {358E9717-2204-4B79-A479-6CA24CB4F4C8}
		{1646E0FC-8F7B-436F-983A-7C9873CA49CB} = {358E9717-2204-4B79-A479-6CA24CB4F4C8}
		{2D0B2680-D488-4B8A-BAB8-CF286CD071E0} = {358E9717-2204-4B79-A479-6CA24CB4F4C8}
		{95CA527D-583B-493D-AD2C-C488029145A1} = {358E9717-2204-4B79-A479-6CA24CB4F4C8}
		{A3EA41DF-D932-48B0-8100-A76E5DF04B8E} = {1B5B1341-B10F-44C3-8E87-88FBC9A92FDA}
		{DD34FC8E-6D76-4571-93E3-98DD2F1FB361} = {1B5B1341-B10F-44C3-8E87-88FBC9A92FDA}
		{DC9513CF-FDAB-4170-8131-4A1FD5D048BE} = {FCC0F775-7A94-484B-BEF7-A95D43709907}
		{098B63F0-95BB-421F-AC45-047F397FA475} = {973C9C24-17CF-4EF0-B643-2FB7BDB2F808}
		{316E0CEC-584A-46E7-A1D7-4368BB07848C} = {973C9C24-17CF-4EF0-B643-2FB7BDB2F808}
		{C9851706-907C-4291-8086-B1DF3B41674D} = {287F7803-8C67-4E68-9DD9-22F0C9C24D1C}
		{4A90AD09-D706-4985-A8CD-73B2BA35403D} = {287F7803-8C67-4E68-9DD9-22F0C9C24D1C}
		{7EBE4831-BEEE-4F55-A5CA-71EFA10522A7} = {FCC0F775-7A94-484B-BEF7-A95D43709907}
		{D4CADD1C-ADA0-4D83-9378-9E75295AF2B5} = {FAACC7C6-FD5C-467C-9E85-CA9EDD38602B}
		{9A37166E-BD6C-4BA9-9091-985BC77C68D6} = {90203035-CFAB-41DA-B61E-984AB51FD30E}
		{518D6E6B-A842-43FB-BBAF-D9F95F5B2916} = {90203035-CFAB-41DA-B61E-984AB51FD30E}
		{C075D9B8-702B-4CE9-91DC-83FC22A2B4AA} = {31D0FD73-C303-449A-A3ED-D9D9F21CA113}
		{787996D9-933A-4580-9B87-C0F78D04D228} = {31D0FD73-C303-449A-A3ED-D9D9F21CA113}
		{D00CC013-65E7-4950-9A7A-6AB0E8DD58F8} = {31D0FD73-C303-449A-A3ED-D9D9F21CA113}
		{1108DC2D-EFBE-4C2C-9B0B-30521E0CA9E6} = {31D0FD73-C303-449A-A3ED-D9D9F21CA113}
		{2CF56A5A-150B-4805-91D6-35127991297E} = {DAE81666-5C73-4BB0-8731-EDA09194C03A}
		{8F267ABE-2D7E-40BC-B79A-10918971B74C} = {DAE81666-5C73-4BB0-8731-EDA09194C03A}
		{BAC719E2-6937-40F5-846C-4392A5DFDC66} = {D4CADD1C-ADA0-4D83-9378-9E75295AF2B5}
		{DAE81666-5C73-4BB0-8731-EDA09194C03A} = {D4CADD1C-ADA0-4D83-9378-9E75295AF2B5}
		{31D0FD73-C303-449A-A3ED-D9D9F21CA113} = {D4CADD1C-ADA0-4D83-9378-9E75295AF2B5}
		{90203035-CFAB-41DA-B61E-984AB51FD30E} = {D4CADD1C-ADA0-4D83-9378-9E75295AF2B5}
		{F614AE62-A53C-4952-880E-380AC277E8A7} = {B45DF483-3E3E-4E1B-94FC-70DED1B35981}
	EndGlobalSection
	GlobalSection(ExtensibilityGlobals) = postSolution
		SolutionGuid = {A988AAD2-BAE7-4EE3-9908-4E6C802AFADF}
	EndGlobalSection
EndGlobal
